Microsoft Visual Studio Solution File, Format Version 11.00
# Visual Studio 2010
Project("{FAE04EC0-301F-11D3-BF4B-00C04F79EFBC}") = "Log4Net.AspNetMvc40ApiController", "Log4Net\UI\Web\AspNetMvc40ApiController\Log4Net.AspNetMvc40ApiController.csproj", "{64D5062F-2FE9-4C91-BD16-8F5AAF88D3BB}"
EndProject
Project("{FAE04EC0-301F-11D3-BF4B-00C04F79EFBC}") = "Log4Net.AspNetMvc40Rasor", "Log4Net\UI\Web\AspNetMvc40Rasor\Log4Net.AspNetMvc40Rasor.csproj", "{4E97DACD-A965-4C04-A3F7-E1FDF691EE98}"
EndProject
Project("{FAE04EC0-301F-11D3-BF4B-00C04F79EFBC}") = "Log4Net.AspNetMvc40ViewModel", "Log4Net\UI\Web\AspNetMvc40ViewModel\Log4Net.AspNetMvc40ViewModel.csproj", "{9C67DACE-DA33-4D40-83EE-865789F62775}"
EndProject
Project("{FAE04EC0-301F-11D3-BF4B-00C04F79EFBC}") = "Log4Net.CommonBLL", "Log4Net\Core\CommonBLL\Log4Net.CommonBLL.csproj", "{873915A5-57B2-409A-BD2C-80A3016DF441}"
EndProject
Project("{FAE04EC0-301F-11D3-BF4B-00C04F79EFBC}") = "Log4Net.CommonBLLEntities", "Log4Net\Core\CommonBLLEntities\Log4Net.CommonBLLEntities.csproj", "{DBA6156F-FEAC-4924-A3DC-E0EE135AE454}"
EndProject
Project("{FAE04EC0-301F-11D3-BF4B-00C04F79EFBC}") = "Log4Net.CommonBLLIoC", "Log4Net\Core\CommonBLLIoC\Log4Net.CommonBLLIoC.csproj", "{34FDE63F-9C94-4E26-B27F-2C24EAB2C526}"
EndProject
Project("{FAE04EC0-301F-11D3-BF4B-00C04F79EFBC}") = "Log4Net.DALContracts", "Log4Net\Core\DALContracts\Log4Net.DALContracts.csproj", "{0D49D6E7-177B-4069-B73C-EC964569182F}"
EndProject
Project("{FAE04EC0-301F-11D3-BF4B-00C04F79EFBC}") = "Log4Net.DataSourceEntities", "Log4Net\Core\DataSourceEntities\Log4Net.DataSourceEntities.csproj", "{CA3BFCF9-23E5-4D02-8E64-9DA24746C708}"
EndProject
Project("{FAE04EC0-301F-11D3-BF4B-00C04F79EFBC}") = "Log4Net.EntityContracts", "Log4Net\Core\EntityContracts\Log4Net.EntityContracts.csproj", "{6AB0EA24-E204-4AC9-AD3C-3174193CCF9B}"
EndProject
Project("{FAE04EC0-301F-11D3-BF4B-00C04F79EFBC}") = "Log4Net.EntityFrameworkContextV6", "Log4Net\Core\EntityFrameworkContextV6\Log4Net.EntityFrameworkContextV6.csproj", "{FAB04AD4-59DA-4481-A95E-8D28CC455814}"
EndProject
Project("{FAE04EC0-301F-11D3-BF4B-00C04F79EFBC}") = "Log4Net.EntityFrameworkContextV6CodeFirst", "Log4Net\Core\EntityFrameworkContextV6CodeFirst\Log4Net.EntityFrameworkContextV6CodeFirst.csproj", "{3E217C0F-760F-4B96-B2EC-040BC475AA4C}"
EndProject
Project("{FAE04EC0-301F-11D3-BF4B-00C04F79EFBC}") = "Log4Net.EntityFrameworkDALV6", "Log4Net\Core\EntityFrameworkDALV6\Log4Net.EntityFrameworkDALV6.csproj", "{F11EBE8E-673B-4FAA-A675-84AC785C7081}"
EndProject
Project("{FAE04EC0-301F-11D3-BF4B-00C04F79EFBC}") = "Log4Net.EntityFrameworkDALV6CodeFirst", "Log4Net\Core\EntityFrameworkDALV6CodeFirst\Log4Net.EntityFrameworkDALV6CodeFirst.csproj", "{6989EC3F-CEB3-4FB7-B0EE-8CBE757D0F92}"
EndProject
Project("{FAE04EC0-301F-11D3-BF4B-00C04F79EFBC}") = "Framework", "Frameworks\Framework\Framework.csproj", "{6D25AA30-C3AF-4AE0-B567-0F2653120CDC}"
EndProject
Project("{FAE04EC0-301F-11D3-BF4B-00C04F79EFBC}") = "Framework.Charting", "Frameworks\Framework.Charting\Framework.Charting.csproj", "{51D5F233-02F2-45F7-B4F2-60D18EF3DEC5}"
EndProject
Project("{FAE04EC0-301F-11D3-BF4B-00C04F79EFBC}") = "Framework.CommonBLLEntities", "Frameworks\Framework.CommonBLLEntities\Framework.CommonBLLEntities.csproj", "{BA8C8C0B-470A-4D3C-B3DA-9E28599799B5}"
EndProject
Project("{FAE04EC0-301F-11D3-BF4B-00C04F79EFBC}") = "Framework.DAL", "Frameworks\Framework.DAL\Framework.DAL.csproj", "{525678C4-FDC1-4A5D-9D8A-D7E78309335F}"
EndProject
Project("{FAE04EC0-301F-11D3-BF4B-00C04F79EFBC}") = "Framework.DataSourceEntities", "Frameworks\Framework.DataSourceEntities\Framework.DataSourceEntities.csproj", "{F85A14D5-64E0-4CFC-88DA-27FE9D0DD664}"
EndProject
Project("{FAE04EC0-301F-11D3-BF4B-00C04F79EFBC}") = "Framework.EntityContracts", "Frameworks\Framework.EntityContracts\Framework.EntityContracts.csproj", "{C3A270DE-9727-492E-91E2-F56E7E0E0F83}"
EndProject
Project("{FAE04EC0-301F-11D3-BF4B-00C04F79EFBC}") = "Framework.LinqDAL", "Frameworks\Framework.LinqDAL\Framework.LinqDAL.csproj", "{7D1B22F8-06A2-4D09-A3AD-D93A09A01815}"
EndProject
Project("{FAE04EC0-301F-11D3-BF4B-00C04F79EFBC}") = "Framework.Mvc", "Frameworks\Framework.Mvc\Framework.Mvc.csproj", "{E45A004F-FBEF-445C-9607-FBC89D6D4590}"
EndProject
Project("{FAE04EC0-301F-11D3-BF4B-00C04F79EFBC}") = "Framework.Resx", "Frameworks\Framework.Resx\Framework.Resx.csproj", "{C72B898B-B53B-42D5-9F4F-673F84BB485B}"
EndProject
Project("{FAE04EC0-301F-11D3-BF4B-00C04F79EFBC}") = "Framework.Services", "Frameworks\Framework.Services\Framework.Services.csproj", "{3EF91DC7-12C9-47F3-BB18-AD3D85D1B624}"
EndProject
Project("{FAE04EC0-301F-11D3-BF4B-00C04F79EFBC}") = "Framework.ViewModels", "Frameworks\Framework.ViewModels\Framework.ViewModels.csproj", "{2CC97C32-9FFA-4DA4-A6C0-83F300404EC3}"
EndProject
Project("{FAE04EC0-301F-11D3-BF4B-00C04F79EFBC}") = "Framework.Web", "Frameworks\Framework.Web\Framework.Web.csproj", "{950B9CDB-9286-4A1A-8D88-1DF6954A45E3}"
EndProject
Project("{FAE04EC0-301F-11D3-BF4B-00C04F79EFBC}") = "Framework.Xamariner.X", "Frameworks.X\Framework.Xamariner.X\Framework.Xamariner.X.csproj", "{397FFA3D-9A4E-4900-9714-65D16A871613}"
EndProject
Project("{FAE04EC0-301F-11D3-BF4B-00C04F79EFBC}") = "Framework.Xaml", "Frameworks\Framework.Xaml\Framework.Xaml.csproj", "{E5302713-0022-4657-85D8-9620818071DF}"
EndProject
Project("{FAE04EC0-301F-11D3-BF4B-00C04F79EFBC}") = "Log4Net.MVVMLightViewModels", "Log4Net\UI\MVVMLight\Shared\MVVMLightViewModels\Log4Net.MVVMLightViewModels.csproj", "{54025149-9EB6-4C74-A099-643B1F0F2D74}"
EndProject
Project("{FAE04EC0-301F-11D3-BF4B-00C04F79EFBC}") = "Log4Net.WPF4App", "Log4Net\UI\MVVMLight\WPF4App\Log4Net.WPF4App.csproj", "{6BD7818D-F6AE-4912-B0C3-78FA4275D423}"
EndProject
Project("{FAE04EC0-301F-11D3-BF4B-00C04F79EFBC}") = "Log4Net.AndroidApp", "Log4Net\UI\MVVMLight\AndroidApp\Log4Net.AndroidApp.csproj", "{3EC00247-1B78-4178-BC13-FFB8F3FF7097}"
EndProject
Project("{FAE04EC0-301F-11D3-BF4B-00C04F79EFBC}") = "Log4Net.XamarinForms.X", "Log4Net\UI\MVVMLight\Shared.X\XamarinForms.X\Log4Net.XamarinForms.X.csproj", "{22D82950-8856-41CD-8DCF-EDF23B6C1B13}"
EndProject
Project("{FAE04EC0-301F-11D3-BF4B-00C04F79EFBC}") = "Log4Net.IOSApp", "Log4Net\UI\MVVMLight\IOSApp\Log4Net.IOSApp.csproj", "{0BFBA780-01CF-4529-A2AF-54E3C18F7135}"
EndProject
Project("{FAE04EC0-301F-11D3-BF4B-00C04F79EFBC}") = "Log4Net.UWPApp", "Log4Net\UI\MVVMLight\UWPApp\Log4Net.UWPApp.csproj", "{89B9AA0F-46FB-4D2B-BB4A-CA4F4CA34FD8}"
EndProject
Project("{FAE04EC0-301F-11D3-BF4B-00C04F79EFBC}") = "Log4Net.Resx", "Log4Net\Core\Resx\Log4Net.Resx.csproj", "{0F11974A-3ED8-46D1-B8CC-6F1FF1C45A11}"
EndProject
Project("{FAE04EC0-301F-11D3-BF4B-00C04F79EFBC}") = "Log4Net.ViewModelData", "Log4Net\Core\ViewModelData\Log4Net.ViewModelData.csproj", "{588A9F26-4123-43D0-A978-202E1FBBA7AC}"
EndProject
Project("{FAE04EC0-301F-11D3-BF4B-00C04F79EFBC}") = "Log4Net.VS2012DatabaseProject", "Log4Net\Core\VS2012DatabaseProject\Log4Net.VS2012DatabaseProject.sqlproj", "{554A413D-A13A-43B6-819A-F69F55AFE466}"
EndProject
Project("{FAE04EC0-301F-11D3-BF4B-00C04F79EFBC}") = "Log4Net.WcfClientBLL", "Log4Net\Wcf\WcfClientBLL\Log4Net.WcfClientBLL.csproj", "{56BF9799-EC6F-463E-8198-02785FEC9DD4}"
EndProject
Project("{FAE04EC0-301F-11D3-BF4B-00C04F79EFBC}") = "Log4Net.WcfContracts", "Log4Net\Core\WcfContracts\Log4Net.WcfContracts.csproj", "{0542E826-5A2B-41F5-8AA7-F2DD3983A540}"
EndProject
Project("{FAE04EC0-301F-11D3-BF4B-00C04F79EFBC}") = "Log4Net.WcfWebApp", "Log4Net\Wcf\WcfWebApp\Log4Net.WcfWebApp.csproj", "{8B4069DD-B259-4BEC-B1E3-1D23F909E84A}"
EndProject
Project("{FAE04EC0-301F-11D3-BF4B-00C04F79EFBC}") = "Log4Net.WebApiClient", "Log4Net\UI\Web\WebApiClient\Log4Net.WebApiClient.csproj", "{4D68468B-A589-492F-AD80-004D9737590B}"
EndProject
Project("{FAE04EC0-301F-11D3-BF4B-00C04F79EFBC}") = "Log4Net.CommonBLLEntities.X", "Log4Net\Core.X\CommonBLLEntities.X\Log4Net.CommonBLLEntities.X.csproj", "{9AD9808D-9E3B-4158-91F2-6FE392431C33}"
EndProject
Project("{FAE04EC0-301F-11D3-BF4B-00C04F79EFBC}") = "Log4Net.DataSourceEntities.X", "Log4Net\Core.X\DataSourceEntities.X\Log4Net.DataSourceEntities.X.csproj", "{8458FE75-5181-400F-B11E-2C49EAA7E136}"
EndProject
Project("{FAE04EC0-301F-11D3-BF4B-00C04F79EFBC}") = "Log4Net.EntityContracts.X", "Log4Net\Core.X\EntityContracts.X\Log4Net.EntityContracts.X.csproj", "{41102CC0-C48D-4E02-ACE0-A47259649AC8}"
EndProject
Project("{FAE04EC0-301F-11D3-BF4B-00C04F79EFBC}") = "Framework.X", "Frameworks.X\Framework.X\Framework.X.csproj", "{68218F7A-7603-418F-99C8-1B6E1FC426E0}"
EndProject
Project("{FAE04EC0-301F-11D3-BF4B-00C04F79EFBC}") = "Framework.CommonBLLEntities.X", "Frameworks.X\Framework.CommonBLLEntities.X\Framework.CommonBLLEntities.X.csproj", "{BFB74635-4B67-41A5-ABD3-E7B286D77CFC}"
EndProject
Project("{FAE04EC0-301F-11D3-BF4B-00C04F79EFBC}") = "Framework.DAL.X", "Frameworks.X\Framework.DAL.X\Framework.DAL.X.csproj", "{F8C7E87C-6A88-4282-8FD6-2024B57E87E4}"
EndProject
Project("{FAE04EC0-301F-11D3-BF4B-00C04F79EFBC}") = "Framework.DataSourceEntities.X", "Frameworks.X\Framework.DataSourceEntities.X\Framework.DataSourceEntities.X.csproj", "{5275528B-918A-474B-8825-0D05266B2DF0}"
EndProject
Project("{FAE04EC0-301F-11D3-BF4B-00C04F79EFBC}") = "Framework.EntityContracts.X", "Frameworks.X\Framework.EntityContracts.X\Framework.EntityContracts.X.csproj", "{52F99887-9ACC-421F-83CA-1C98DF00233F}"
EndProject
Project("{FAE04EC0-301F-11D3-BF4B-00C04F79EFBC}") = "Framework.Resx.X", "Frameworks.X\Framework.Resx.X\Framework.Resx.X.csproj", "{DA5209FE-248E-46D6-8E4D-2A6FC218BD94}"
EndProject
Project("{FAE04EC0-301F-11D3-BF4B-00C04F79EFBC}") = "Framework.ViewModels.X", "Frameworks.X\Framework.ViewModels.X\Framework.ViewModels.X.csproj", "{7B095EDC-5611-454F-9E70-418A45ACBD0E}"
EndProject
Project("{FAE04EC0-301F-11D3-BF4B-00C04F79EFBC}") = "Framework.Xaml.X", "Frameworks.X\Framework.Xaml.X\Framework.Xaml.X.csproj", "{D799A929-C600-4B5D-8C1A-3BCE58B32E16}"
EndProject
Project("{FAE04EC0-301F-11D3-BF4B-00C04F79EFBC}") = "Log4Net.MVVMLightViewModels.X", "Log4Net\UI\MVVMLight\Shared.X\MVVMLightViewModels.X\Log4Net.MVVMLightViewModels.X.csproj", "{1C56B671-2C4E-4D3B-AFC3-68E8527EFF05}"
EndProject
Project("{FAE04EC0-301F-11D3-BF4B-00C04F79EFBC}") = "Log4Net.Resx.X", "Log4Net\Core.X\Resx.X\Log4Net.Resx.X.csproj", "{3A057E41-27A8-4386-9EF8-0E9EAB238027}"
EndProject
Project("{FAE04EC0-301F-11D3-BF4B-00C04F79EFBC}") = "Log4Net.ViewModelData.X", "Log4Net\Core.X\ViewModelData.X\Log4Net.ViewModelData.X.csproj", "{165A059F-AC25-4C1D-896D-3F0981BFD5A7}"
EndProject
Project("{FAE04EC0-301F-11D3-BF4B-00C04F79EFBC}") = "Log4Net.WebApiClient.X", "Log4Net\UI\Web.X\WebApiClient.X\Log4Net.WebApiClient.X.csproj", "{B4061418-4440-431C-862A-4FBF5AD01F65}"
EndProject
Project("{2150E333-8FDC-42A3-9474-1A3956D46DE8}") = "1.A.1.", "1.A.1.", "{2de48dd9-908a-4881-af27-121dff17f3bb}"
EndProject
Project("{2150E333-8FDC-42A3-9474-1A3956D46DE8}") = "1.A.2.", "1.A.2.", "{23a5519d-158b-4907-941a-baf58bb490ed}"
EndProject
Project("{2150E333-8FDC-42A3-9474-1A3956D46DE8}") = "1.A.3.", "1.A.3.", "{1c9459cf-9218-4c28-8c76-4e10817e5b02}"
EndProject
Project("{2150E333-8FDC-42A3-9474-1A3956D46DE8}") = "1.B.1.", "1.B.1.", "{5adae702-3932-4d63-a7e5-49d8f5687977}"
EndProject
Project("{2150E333-8FDC-42A3-9474-1A3956D46DE8}") = "1.B.2.", "1.B.2.", "{68fce379-e2ea-4f58-8482-bc69257be2d1}"
EndProject
Project("{2150E333-8FDC-42A3-9474-1A3956D46DE8}") = "1.B.3.", "1.B.3.", "{99c00974-2ea1-452b-a45c-dd23d9d2048b}"
EndProject
Project("{2150E333-8FDC-42A3-9474-1A3956D46DE8}") = "1.B.4.", "1.B.4.", "{86978270-9a1c-4b4b-9370-647debfc7639}"
EndProject
Project("{2150E333-8FDC-42A3-9474-1A3956D46DE8}") = "1.C.1.", "1.C.1.", "{135f7894-b51d-48fb-8e5c-6feaa5ceca96}"
EndProject
Project("{2150E333-8FDC-42A3-9474-1A3956D46DE8}") = "1.C.2.", "1.C.2.", "{22081560-52b3-4de3-98d7-b43ac79dec25}"
EndProject
Project("{2150E333-8FDC-42A3-9474-1A3956D46DE8}") = "1.D.1.", "1.D.1.", "{4a621eb1-02e5-4558-bbbf-8694ae854c5d}"
EndProject
Project("{2150E333-8FDC-42A3-9474-1A3956D46DE8}") = "1.D.2.", "1.D.2.", "{bc311bab-2261-4f78-8754-7ed48e00c8f1}"
EndProject
Project("{2150E333-8FDC-42A3-9474-1A3956D46DE8}") = "2.A.1.", "2.A.1.", "{d2ea2239-f0ba-4750-8750-37cd9c231af7}"
EndProject
Project("{2150E333-8FDC-42A3-9474-1A3956D46DE8}") = "2.A.2.", "2.A.2.", "{c12033db-cc34-4950-a0fb-4e368a350d23}"
EndProject
Project("{2150E333-8FDC-42A3-9474-1A3956D46DE8}") = "2.A.3.", "2.A.3.", "{43fa57bd-a4c3-450b-8aed-ee6c09598d0c}"
EndProject
Project("{2150E333-8FDC-42A3-9474-1A3956D46DE8}") = "2.B.1.", "2.B.1.", "{17b3a55e-b199-41ef-b530-232f4b4d0c11}"
EndProject
Project("{2150E333-8FDC-42A3-9474-1A3956D46DE8}") = "2.B.2.", "2.B.2.", "{6d84af1b-527c-4f67-82e9-c9f57a619d0a}"
EndProject
Project("{2150E333-8FDC-42A3-9474-1A3956D46DE8}") = "2.B.3.", "2.B.3.", "{42ef76b9-9968-4c93-bd48-b3c6bd47de35}"
EndProject
Project("{2150E333-8FDC-42A3-9474-1A3956D46DE8}") = "2.B.4.", "2.B.4.", "{e33f19e6-ae29-49a2-9505-65680690a935}"
EndProject
Project("{2150E333-8FDC-42A3-9474-1A3956D46DE8}") = "2.C.1.", "2.C.1.", "{d71dd286-a989-486d-9d9d-66e11e2e8b1f}"
EndProject
Project("{2150E333-8FDC-42A3-9474-1A3956D46DE8}") = "2.C.2.", "2.C.2.", "{e34b5b15-1121-43e5-8390-81d4790504a3}"
EndProject
Project("{2150E333-8FDC-42A3-9474-1A3956D46DE8}") = "2.D.1.", "2.D.1.", "{6adff0ad-d80c-4703-a692-4997477ebde6}"
EndProject
Project("{2150E333-8FDC-42A3-9474-1A3956D46DE8}") = "2.D.2.", "2.D.2.", "{81b8a46d-eb62-4dd2-8b85-6094b2d5ffc9}"
EndProject
Project("{2150E333-8FDC-42A3-9474-1A3956D46DE8}") = "2.Z.1.", "2.Z.1.", "{f17ea7a6-d2c0-470c-b0e9-d08ef598de86}"
EndProject
Project("{2150E333-8FDC-42A3-9474-1A3956D46DE8}") = "2.Z.2.", "2.Z.2.", "{1d4581cb-63fe-4a3b-a636-eeb29962e386}"
EndProject
Project("{2150E333-8FDC-42A3-9474-1A3956D46DE8}") = "2.Z.3.", "2.Z.3.", "{da1cac13-db17-40d7-8dac-ebce6daa48a9}"
EndProject
Global
	GlobalSection(SolutionConfigurationPlatforms) = preSolution
		Debug|Any CPU = Debug|Any CPU
		Release|Any CPU = Release|Any CPU
	EndGlobalSection
	GlobalSection(ProjectConfigurationPlatforms) = postSolution
		{64D5062F-2FE9-4C91-BD16-8F5AAF88D3BB}.Debug|Any CPU.ActiveCfg = Debug|Any CPU
		{64D5062F-2FE9-4C91-BD16-8F5AAF88D3BB}.Debug|Any CPU.Build.0 = Debug|Any CPU
		{64D5062F-2FE9-4C91-BD16-8F5AAF88D3BB}.Release|Any CPU.ActiveCfg = Release|Any CPU
		{64D5062F-2FE9-4C91-BD16-8F5AAF88D3BB}.Debug|Any CPU.Build.0 = Debug|Any CPU
		{4E97DACD-A965-4C04-A3F7-E1FDF691EE98}.Debug|Any CPU.ActiveCfg = Debug|Any CPU
		{4E97DACD-A965-4C04-A3F7-E1FDF691EE98}.Debug|Any CPU.Build.0 = Debug|Any CPU
		{4E97DACD-A965-4C04-A3F7-E1FDF691EE98}.Release|Any CPU.ActiveCfg = Release|Any CPU
		{4E97DACD-A965-4C04-A3F7-E1FDF691EE98}.Debug|Any CPU.Build.0 = Debug|Any CPU
		{9C67DACE-DA33-4D40-83EE-865789F62775}.Debug|Any CPU.ActiveCfg = Debug|Any CPU
		{9C67DACE-DA33-4D40-83EE-865789F62775}.Debug|Any CPU.Build.0 = Debug|Any CPU
		{9C67DACE-DA33-4D40-83EE-865789F62775}.Release|Any CPU.ActiveCfg = Release|Any CPU
		{9C67DACE-DA33-4D40-83EE-865789F62775}.Debug|Any CPU.Build.0 = Debug|Any CPU
		{873915A5-57B2-409A-BD2C-80A3016DF441}.Debug|Any CPU.ActiveCfg = Debug|Any CPU
		{873915A5-57B2-409A-BD2C-80A3016DF441}.Debug|Any CPU.Build.0 = Debug|Any CPU
		{873915A5-57B2-409A-BD2C-80A3016DF441}.Release|Any CPU.ActiveCfg = Release|Any CPU
		{873915A5-57B2-409A-BD2C-80A3016DF441}.Debug|Any CPU.Build.0 = Debug|Any CPU
		{DBA6156F-FEAC-4924-A3DC-E0EE135AE454}.Debug|Any CPU.ActiveCfg = Debug|Any CPU
		{DBA6156F-FEAC-4924-A3DC-E0EE135AE454}.Debug|Any CPU.Build.0 = Debug|Any CPU
		{DBA6156F-FEAC-4924-A3DC-E0EE135AE454}.Release|Any CPU.ActiveCfg = Release|Any CPU
		{DBA6156F-FEAC-4924-A3DC-E0EE135AE454}.Debug|Any CPU.Build.0 = Debug|Any CPU
		{34FDE63F-9C94-4E26-B27F-2C24EAB2C526}.Debug|Any CPU.ActiveCfg = Debug|Any CPU
		{34FDE63F-9C94-4E26-B27F-2C24EAB2C526}.Debug|Any CPU.Build.0 = Debug|Any CPU
		{34FDE63F-9C94-4E26-B27F-2C24EAB2C526}.Release|Any CPU.ActiveCfg = Release|Any CPU
		{34FDE63F-9C94-4E26-B27F-2C24EAB2C526}.Debug|Any CPU.Build.0 = Debug|Any CPU
		{0D49D6E7-177B-4069-B73C-EC964569182F}.Debug|Any CPU.ActiveCfg = Debug|Any CPU
		{0D49D6E7-177B-4069-B73C-EC964569182F}.Debug|Any CPU.Build.0 = Debug|Any CPU
		{0D49D6E7-177B-4069-B73C-EC964569182F}.Release|Any CPU.ActiveCfg = Release|Any CPU
		{0D49D6E7-177B-4069-B73C-EC964569182F}.Debug|Any CPU.Build.0 = Debug|Any CPU
		{CA3BFCF9-23E5-4D02-8E64-9DA24746C708}.Debug|Any CPU.ActiveCfg = Debug|Any CPU
		{CA3BFCF9-23E5-4D02-8E64-9DA24746C708}.Debug|Any CPU.Build.0 = Debug|Any CPU
		{CA3BFCF9-23E5-4D02-8E64-9DA24746C708}.Release|Any CPU.ActiveCfg = Release|Any CPU
		{CA3BFCF9-23E5-4D02-8E64-9DA24746C708}.Debug|Any CPU.Build.0 = Debug|Any CPU
		{6AB0EA24-E204-4AC9-AD3C-3174193CCF9B}.Debug|Any CPU.ActiveCfg = Debug|Any CPU
		{6AB0EA24-E204-4AC9-AD3C-3174193CCF9B}.Debug|Any CPU.Build.0 = Debug|Any CPU
		{6AB0EA24-E204-4AC9-AD3C-3174193CCF9B}.Release|Any CPU.ActiveCfg = Release|Any CPU
		{6AB0EA24-E204-4AC9-AD3C-3174193CCF9B}.Debug|Any CPU.Build.0 = Debug|Any CPU
		{FAB04AD4-59DA-4481-A95E-8D28CC455814}.Debug|Any CPU.ActiveCfg = Debug|Any CPU
		{FAB04AD4-59DA-4481-A95E-8D28CC455814}.Debug|Any CPU.Build.0 = Debug|Any CPU
		{FAB04AD4-59DA-4481-A95E-8D28CC455814}.Release|Any CPU.ActiveCfg = Release|Any CPU
		{FAB04AD4-59DA-4481-A95E-8D28CC455814}.Debug|Any CPU.Build.0 = Debug|Any CPU
		{3E217C0F-760F-4B96-B2EC-040BC475AA4C}.Debug|Any CPU.ActiveCfg = Debug|Any CPU
		{3E217C0F-760F-4B96-B2EC-040BC475AA4C}.Debug|Any CPU.Build.0 = Debug|Any CPU
		{3E217C0F-760F-4B96-B2EC-040BC475AA4C}.Release|Any CPU.ActiveCfg = Release|Any CPU
		{3E217C0F-760F-4B96-B2EC-040BC475AA4C}.Debug|Any CPU.Build.0 = Debug|Any CPU
		{F11EBE8E-673B-4FAA-A675-84AC785C7081}.Debug|Any CPU.ActiveCfg = Debug|Any CPU
		{F11EBE8E-673B-4FAA-A675-84AC785C7081}.Debug|Any CPU.Build.0 = Debug|Any CPU
		{F11EBE8E-673B-4FAA-A675-84AC785C7081}.Release|Any CPU.ActiveCfg = Release|Any CPU
		{F11EBE8E-673B-4FAA-A675-84AC785C7081}.Debug|Any CPU.Build.0 = Debug|Any CPU
		{6989EC3F-CEB3-4FB7-B0EE-8CBE757D0F92}.Debug|Any CPU.ActiveCfg = Debug|Any CPU
		{6989EC3F-CEB3-4FB7-B0EE-8CBE757D0F92}.Debug|Any CPU.Build.0 = Debug|Any CPU
		{6989EC3F-CEB3-4FB7-B0EE-8CBE757D0F92}.Release|Any CPU.ActiveCfg = Release|Any CPU
		{6989EC3F-CEB3-4FB7-B0EE-8CBE757D0F92}.Debug|Any CPU.Build.0 = Debug|Any CPU
		{6D25AA30-C3AF-4AE0-B567-0F2653120CDC}.Debug|Any CPU.ActiveCfg = Debug|Any CPU
		{6D25AA30-C3AF-4AE0-B567-0F2653120CDC}.Debug|Any CPU.Build.0 = Debug|Any CPU
		{6D25AA30-C3AF-4AE0-B567-0F2653120CDC}.Release|Any CPU.ActiveCfg = Release|Any CPU
		{6D25AA30-C3AF-4AE0-B567-0F2653120CDC}.Debug|Any CPU.Build.0 = Debug|Any CPU
		{51D5F233-02F2-45F7-B4F2-60D18EF3DEC5}.Debug|Any CPU.ActiveCfg = Debug|Any CPU
		{51D5F233-02F2-45F7-B4F2-60D18EF3DEC5}.Debug|Any CPU.Build.0 = Debug|Any CPU
		{51D5F233-02F2-45F7-B4F2-60D18EF3DEC5}.Release|Any CPU.ActiveCfg = Release|Any CPU
		{51D5F233-02F2-45F7-B4F2-60D18EF3DEC5}.Debug|Any CPU.Build.0 = Debug|Any CPU
		{BA8C8C0B-470A-4D3C-B3DA-9E28599799B5}.Debug|Any CPU.ActiveCfg = Debug|Any CPU
		{BA8C8C0B-470A-4D3C-B3DA-9E28599799B5}.Debug|Any CPU.Build.0 = Debug|Any CPU
		{BA8C8C0B-470A-4D3C-B3DA-9E28599799B5}.Release|Any CPU.ActiveCfg = Release|Any CPU
		{BA8C8C0B-470A-4D3C-B3DA-9E28599799B5}.Debug|Any CPU.Build.0 = Debug|Any CPU
		{525678C4-FDC1-4A5D-9D8A-D7E78309335F}.Debug|Any CPU.ActiveCfg = Debug|Any CPU
		{525678C4-FDC1-4A5D-9D8A-D7E78309335F}.Debug|Any CPU.Build.0 = Debug|Any CPU
		{525678C4-FDC1-4A5D-9D8A-D7E78309335F}.Release|Any CPU.ActiveCfg = Release|Any CPU
		{525678C4-FDC1-4A5D-9D8A-D7E78309335F}.Debug|Any CPU.Build.0 = Debug|Any CPU
		{F85A14D5-64E0-4CFC-88DA-27FE9D0DD664}.Debug|Any CPU.ActiveCfg = Debug|Any CPU
		{F85A14D5-64E0-4CFC-88DA-27FE9D0DD664}.Debug|Any CPU.Build.0 = Debug|Any CPU
		{F85A14D5-64E0-4CFC-88DA-27FE9D0DD664}.Release|Any CPU.ActiveCfg = Release|Any CPU
		{F85A14D5-64E0-4CFC-88DA-27FE9D0DD664}.Debug|Any CPU.Build.0 = Debug|Any CPU
		{C3A270DE-9727-492E-91E2-F56E7E0E0F83}.Debug|Any CPU.ActiveCfg = Debug|Any CPU
		{C3A270DE-9727-492E-91E2-F56E7E0E0F83}.Debug|Any CPU.Build.0 = Debug|Any CPU
		{C3A270DE-9727-492E-91E2-F56E7E0E0F83}.Release|Any CPU.ActiveCfg = Release|Any CPU
		{C3A270DE-9727-492E-91E2-F56E7E0E0F83}.Debug|Any CPU.Build.0 = Debug|Any CPU
		{7D1B22F8-06A2-4D09-A3AD-D93A09A01815}.Debug|Any CPU.ActiveCfg = Debug|Any CPU
		{7D1B22F8-06A2-4D09-A3AD-D93A09A01815}.Debug|Any CPU.Build.0 = Debug|Any CPU
		{7D1B22F8-06A2-4D09-A3AD-D93A09A01815}.Release|Any CPU.ActiveCfg = Release|Any CPU
		{7D1B22F8-06A2-4D09-A3AD-D93A09A01815}.Debug|Any CPU.Build.0 = Debug|Any CPU
		{E45A004F-FBEF-445C-9607-FBC89D6D4590}.Debug|Any CPU.ActiveCfg = Debug|Any CPU
		{E45A004F-FBEF-445C-9607-FBC89D6D4590}.Debug|Any CPU.Build.0 = Debug|Any CPU
		{E45A004F-FBEF-445C-9607-FBC89D6D4590}.Release|Any CPU.ActiveCfg = Release|Any CPU
		{E45A004F-FBEF-445C-9607-FBC89D6D4590}.Debug|Any CPU.Build.0 = Debug|Any CPU
		{C72B898B-B53B-42D5-9F4F-673F84BB485B}.Debug|Any CPU.ActiveCfg = Debug|Any CPU
		{C72B898B-B53B-42D5-9F4F-673F84BB485B}.Debug|Any CPU.Build.0 = Debug|Any CPU
		{C72B898B-B53B-42D5-9F4F-673F84BB485B}.Release|Any CPU.ActiveCfg = Release|Any CPU
		{C72B898B-B53B-42D5-9F4F-673F84BB485B}.Debug|Any CPU.Build.0 = Debug|Any CPU
		{3EF91DC7-12C9-47F3-BB18-AD3D85D1B624}.Debug|Any CPU.ActiveCfg = Debug|Any CPU
		{3EF91DC7-12C9-47F3-BB18-AD3D85D1B624}.Debug|Any CPU.Build.0 = Debug|Any CPU
		{3EF91DC7-12C9-47F3-BB18-AD3D85D1B624}.Release|Any CPU.ActiveCfg = Release|Any CPU
		{3EF91DC7-12C9-47F3-BB18-AD3D85D1B624}.Debug|Any CPU.Build.0 = Debug|Any CPU
		{2CC97C32-9FFA-4DA4-A6C0-83F300404EC3}.Debug|Any CPU.ActiveCfg = Debug|Any CPU
		{2CC97C32-9FFA-4DA4-A6C0-83F300404EC3}.Debug|Any CPU.Build.0 = Debug|Any CPU
		{2CC97C32-9FFA-4DA4-A6C0-83F300404EC3}.Release|Any CPU.ActiveCfg = Release|Any CPU
		{2CC97C32-9FFA-4DA4-A6C0-83F300404EC3}.Debug|Any CPU.Build.0 = Debug|Any CPU
		{950B9CDB-9286-4A1A-8D88-1DF6954A45E3}.Debug|Any CPU.ActiveCfg = Debug|Any CPU
		{950B9CDB-9286-4A1A-8D88-1DF6954A45E3}.Debug|Any CPU.Build.0 = Debug|Any CPU
		{950B9CDB-9286-4A1A-8D88-1DF6954A45E3}.Release|Any CPU.ActiveCfg = Release|Any CPU
		{950B9CDB-9286-4A1A-8D88-1DF6954A45E3}.Debug|Any CPU.Build.0 = Debug|Any CPU
		{397FFA3D-9A4E-4900-9714-65D16A871613}.Debug|Any CPU.ActiveCfg = Debug|Any CPU
		{397FFA3D-9A4E-4900-9714-65D16A871613}.Debug|Any CPU.Build.0 = Debug|Any CPU
		{397FFA3D-9A4E-4900-9714-65D16A871613}.Release|Any CPU.ActiveCfg = Release|Any CPU
		{397FFA3D-9A4E-4900-9714-65D16A871613}.Debug|Any CPU.Build.0 = Debug|Any CPU
		{E5302713-0022-4657-85D8-9620818071DF}.Debug|Any CPU.ActiveCfg = Debug|Any CPU
		{E5302713-0022-4657-85D8-9620818071DF}.Debug|Any CPU.Build.0 = Debug|Any CPU
		{E5302713-0022-4657-85D8-9620818071DF}.Release|Any CPU.ActiveCfg = Release|Any CPU
		{E5302713-0022-4657-85D8-9620818071DF}.Debug|Any CPU.Build.0 = Debug|Any CPU
		{54025149-9EB6-4C74-A099-643B1F0F2D74}.Debug|Any CPU.ActiveCfg = Debug|Any CPU
		{54025149-9EB6-4C74-A099-643B1F0F2D74}.Debug|Any CPU.Build.0 = Debug|Any CPU
		{54025149-9EB6-4C74-A099-643B1F0F2D74}.Release|Any CPU.ActiveCfg = Release|Any CPU
		{54025149-9EB6-4C74-A099-643B1F0F2D74}.Debug|Any CPU.Build.0 = Debug|Any CPU
		{6BD7818D-F6AE-4912-B0C3-78FA4275D423}.Debug|Any CPU.ActiveCfg = Debug|Any CPU
		{6BD7818D-F6AE-4912-B0C3-78FA4275D423}.Debug|Any CPU.Build.0 = Debug|Any CPU
		{6BD7818D-F6AE-4912-B0C3-78FA4275D423}.Release|Any CPU.ActiveCfg = Release|Any CPU
		{6BD7818D-F6AE-4912-B0C3-78FA4275D423}.Debug|Any CPU.Build.0 = Debug|Any CPU
		{3EC00247-1B78-4178-BC13-FFB8F3FF7097}.Debug|Any CPU.ActiveCfg = Debug|Any CPU
		{3EC00247-1B78-4178-BC13-FFB8F3FF7097}.Debug|Any CPU.Build.0 = Debug|Any CPU
		{3EC00247-1B78-4178-BC13-FFB8F3FF7097}.Release|Any CPU.ActiveCfg = Release|Any CPU
		{3EC00247-1B78-4178-BC13-FFB8F3FF7097}.Debug|Any CPU.Build.0 = Debug|Any CPU
		{22D82950-8856-41CD-8DCF-EDF23B6C1B13}.Debug|Any CPU.ActiveCfg = Debug|Any CPU
		{22D82950-8856-41CD-8DCF-EDF23B6C1B13}.Debug|Any CPU.Build.0 = Debug|Any CPU
		{22D82950-8856-41CD-8DCF-EDF23B6C1B13}.Release|Any CPU.ActiveCfg = Release|Any CPU
		{22D82950-8856-41CD-8DCF-EDF23B6C1B13}.Debug|Any CPU.Build.0 = Debug|Any CPU
		{0BFBA780-01CF-4529-A2AF-54E3C18F7135}.Debug|Any CPU.ActiveCfg = Debug|Any CPU
		{0BFBA780-01CF-4529-A2AF-54E3C18F7135}.Debug|Any CPU.Build.0 = Debug|Any CPU
		{0BFBA780-01CF-4529-A2AF-54E3C18F7135}.Release|Any CPU.ActiveCfg = Release|Any CPU
		{0BFBA780-01CF-4529-A2AF-54E3C18F7135}.Debug|Any CPU.Build.0 = Debug|Any CPU
		{89B9AA0F-46FB-4D2B-BB4A-CA4F4CA34FD8}.Debug|Any CPU.ActiveCfg = Debug|Any CPU
		{89B9AA0F-46FB-4D2B-BB4A-CA4F4CA34FD8}.Debug|Any CPU.Build.0 = Debug|Any CPU
		{89B9AA0F-46FB-4D2B-BB4A-CA4F4CA34FD8}.Release|Any CPU.ActiveCfg = Release|Any CPU
		{89B9AA0F-46FB-4D2B-BB4A-CA4F4CA34FD8}.Debug|Any CPU.Build.0 = Debug|Any CPU
		{0F11974A-3ED8-46D1-B8CC-6F1FF1C45A11}.Debug|Any CPU.ActiveCfg = Debug|Any CPU
		{0F11974A-3ED8-46D1-B8CC-6F1FF1C45A11}.Debug|Any CPU.Build.0 = Debug|Any CPU
		{0F11974A-3ED8-46D1-B8CC-6F1FF1C45A11}.Release|Any CPU.ActiveCfg = Release|Any CPU
		{0F11974A-3ED8-46D1-B8CC-6F1FF1C45A11}.Debug|Any CPU.Build.0 = Debug|Any CPU
		{588A9F26-4123-43D0-A978-202E1FBBA7AC}.Debug|Any CPU.ActiveCfg = Debug|Any CPU
		{588A9F26-4123-43D0-A978-202E1FBBA7AC}.Debug|Any CPU.Build.0 = Debug|Any CPU
		{588A9F26-4123-43D0-A978-202E1FBBA7AC}.Release|Any CPU.ActiveCfg = Release|Any CPU
		{588A9F26-4123-43D0-A978-202E1FBBA7AC}.Debug|Any CPU.Build.0 = Debug|Any CPU
		{554A413D-A13A-43B6-819A-F69F55AFE466}.Debug|Any CPU.ActiveCfg = Debug|Any CPU
		{554A413D-A13A-43B6-819A-F69F55AFE466}.Debug|Any CPU.Build.0 = Debug|Any CPU
		{554A413D-A13A-43B6-819A-F69F55AFE466}.Release|Any CPU.ActiveCfg = Release|Any CPU
		{554A413D-A13A-43B6-819A-F69F55AFE466}.Debug|Any CPU.Build.0 = Debug|Any CPU
		{56BF9799-EC6F-463E-8198-02785FEC9DD4}.Debug|Any CPU.ActiveCfg = Debug|Any CPU
		{56BF9799-EC6F-463E-8198-02785FEC9DD4}.Debug|Any CPU.Build.0 = Debug|Any CPU
		{56BF9799-EC6F-463E-8198-02785FEC9DD4}.Release|Any CPU.ActiveCfg = Release|Any CPU
		{56BF9799-EC6F-463E-8198-02785FEC9DD4}.Debug|Any CPU.Build.0 = Debug|Any CPU
		{0542E826-5A2B-41F5-8AA7-F2DD3983A540}.Debug|Any CPU.ActiveCfg = Debug|Any CPU
		{0542E826-5A2B-41F5-8AA7-F2DD3983A540}.Debug|Any CPU.Build.0 = Debug|Any CPU
		{0542E826-5A2B-41F5-8AA7-F2DD3983A540}.Release|Any CPU.ActiveCfg = Release|Any CPU
		{0542E826-5A2B-41F5-8AA7-F2DD3983A540}.Debug|Any CPU.Build.0 = Debug|Any CPU
		{8B4069DD-B259-4BEC-B1E3-1D23F909E84A}.Debug|Any CPU.ActiveCfg = Debug|Any CPU
		{8B4069DD-B259-4BEC-B1E3-1D23F909E84A}.Debug|Any CPU.Build.0 = Debug|Any CPU
		{8B4069DD-B259-4BEC-B1E3-1D23F909E84A}.Release|Any CPU.ActiveCfg = Release|Any CPU
		{8B4069DD-B259-4BEC-B1E3-1D23F909E84A}.Debug|Any CPU.Build.0 = Debug|Any CPU
		{4D68468B-A589-492F-AD80-004D9737590B}.Debug|Any CPU.ActiveCfg = Debug|Any CPU
		{4D68468B-A589-492F-AD80-004D9737590B}.Debug|Any CPU.Build.0 = Debug|Any CPU
		{4D68468B-A589-492F-AD80-004D9737590B}.Release|Any CPU.ActiveCfg = Release|Any CPU
		{4D68468B-A589-492F-AD80-004D9737590B}.Debug|Any CPU.Build.0 = Debug|Any CPU
		{9AD9808D-9E3B-4158-91F2-6FE392431C33}.Debug|Any CPU.ActiveCfg = Debug|Any CPU
		{9AD9808D-9E3B-4158-91F2-6FE392431C33}.Debug|Any CPU.Build.0 = Debug|Any CPU
		{9AD9808D-9E3B-4158-91F2-6FE392431C33}.Release|Any CPU.ActiveCfg = Release|Any CPU
		{9AD9808D-9E3B-4158-91F2-6FE392431C33}.Debug|Any CPU.Build.0 = Debug|Any CPU
		{8458FE75-5181-400F-B11E-2C49EAA7E136}.Debug|Any CPU.ActiveCfg = Debug|Any CPU
		{8458FE75-5181-400F-B11E-2C49EAA7E136}.Debug|Any CPU.Build.0 = Debug|Any CPU
		{8458FE75-5181-400F-B11E-2C49EAA7E136}.Release|Any CPU.ActiveCfg = Release|Any CPU
		{8458FE75-5181-400F-B11E-2C49EAA7E136}.Debug|Any CPU.Build.0 = Debug|Any CPU
		{41102CC0-C48D-4E02-ACE0-A47259649AC8}.Debug|Any CPU.ActiveCfg = Debug|Any CPU
		{41102CC0-C48D-4E02-ACE0-A47259649AC8}.Debug|Any CPU.Build.0 = Debug|Any CPU
		{41102CC0-C48D-4E02-ACE0-A47259649AC8}.Release|Any CPU.ActiveCfg = Release|Any CPU
		{41102CC0-C48D-4E02-ACE0-A47259649AC8}.Debug|Any CPU.Build.0 = Debug|Any CPU
		{68218F7A-7603-418F-99C8-1B6E1FC426E0}.Debug|Any CPU.ActiveCfg = Debug|Any CPU
		{68218F7A-7603-418F-99C8-1B6E1FC426E0}.Debug|Any CPU.Build.0 = Debug|Any CPU
		{68218F7A-7603-418F-99C8-1B6E1FC426E0}.Release|Any CPU.ActiveCfg = Release|Any CPU
		{68218F7A-7603-418F-99C8-1B6E1FC426E0}.Debug|Any CPU.Build.0 = Debug|Any CPU
		{BFB74635-4B67-41A5-ABD3-E7B286D77CFC}.Debug|Any CPU.ActiveCfg = Debug|Any CPU
		{BFB74635-4B67-41A5-ABD3-E7B286D77CFC}.Debug|Any CPU.Build.0 = Debug|Any CPU
		{BFB74635-4B67-41A5-ABD3-E7B286D77CFC}.Release|Any CPU.ActiveCfg = Release|Any CPU
		{BFB74635-4B67-41A5-ABD3-E7B286D77CFC}.Debug|Any CPU.Build.0 = Debug|Any CPU
		{F8C7E87C-6A88-4282-8FD6-2024B57E87E4}.Debug|Any CPU.ActiveCfg = Debug|Any CPU
		{F8C7E87C-6A88-4282-8FD6-2024B57E87E4}.Debug|Any CPU.Build.0 = Debug|Any CPU
		{F8C7E87C-6A88-4282-8FD6-2024B57E87E4}.Release|Any CPU.ActiveCfg = Release|Any CPU
		{F8C7E87C-6A88-4282-8FD6-2024B57E87E4}.Debug|Any CPU.Build.0 = Debug|Any CPU
		{5275528B-918A-474B-8825-0D05266B2DF0}.Debug|Any CPU.ActiveCfg = Debug|Any CPU
		{5275528B-918A-474B-8825-0D05266B2DF0}.Debug|Any CPU.Build.0 = Debug|Any CPU
		{5275528B-918A-474B-8825-0D05266B2DF0}.Release|Any CPU.ActiveCfg = Release|Any CPU
		{5275528B-918A-474B-8825-0D05266B2DF0}.Debug|Any CPU.Build.0 = Debug|Any CPU
		{52F99887-9ACC-421F-83CA-1C98DF00233F}.Debug|Any CPU.ActiveCfg = Debug|Any CPU
		{52F99887-9ACC-421F-83CA-1C98DF00233F}.Debug|Any CPU.Build.0 = Debug|Any CPU
		{52F99887-9ACC-421F-83CA-1C98DF00233F}.Release|Any CPU.ActiveCfg = Release|Any CPU
		{52F99887-9ACC-421F-83CA-1C98DF00233F}.Debug|Any CPU.Build.0 = Debug|Any CPU
		{DA5209FE-248E-46D6-8E4D-2A6FC218BD94}.Debug|Any CPU.ActiveCfg = Debug|Any CPU
		{DA5209FE-248E-46D6-8E4D-2A6FC218BD94}.Debug|Any CPU.Build.0 = Debug|Any CPU
		{DA5209FE-248E-46D6-8E4D-2A6FC218BD94}.Release|Any CPU.ActiveCfg = Release|Any CPU
		{DA5209FE-248E-46D6-8E4D-2A6FC218BD94}.Debug|Any CPU.Build.0 = Debug|Any CPU
		{7B095EDC-5611-454F-9E70-418A45ACBD0E}.Debug|Any CPU.ActiveCfg = Debug|Any CPU
		{7B095EDC-5611-454F-9E70-418A45ACBD0E}.Debug|Any CPU.Build.0 = Debug|Any CPU
		{7B095EDC-5611-454F-9E70-418A45ACBD0E}.Release|Any CPU.ActiveCfg = Release|Any CPU
		{7B095EDC-5611-454F-9E70-418A45ACBD0E}.Debug|Any CPU.Build.0 = Debug|Any CPU
		{D799A929-C600-4B5D-8C1A-3BCE58B32E16}.Debug|Any CPU.ActiveCfg = Debug|Any CPU
		{D799A929-C600-4B5D-8C1A-3BCE58B32E16}.Debug|Any CPU.Build.0 = Debug|Any CPU
		{D799A929-C600-4B5D-8C1A-3BCE58B32E16}.Release|Any CPU.ActiveCfg = Release|Any CPU
		{D799A929-C600-4B5D-8C1A-3BCE58B32E16}.Debug|Any CPU.Build.0 = Debug|Any CPU
		{1C56B671-2C4E-4D3B-AFC3-68E8527EFF05}.Debug|Any CPU.ActiveCfg = Debug|Any CPU
		{1C56B671-2C4E-4D3B-AFC3-68E8527EFF05}.Debug|Any CPU.Build.0 = Debug|Any CPU
		{1C56B671-2C4E-4D3B-AFC3-68E8527EFF05}.Release|Any CPU.ActiveCfg = Release|Any CPU
		{1C56B671-2C4E-4D3B-AFC3-68E8527EFF05}.Debug|Any CPU.Build.0 = Debug|Any CPU
		{3A057E41-27A8-4386-9EF8-0E9EAB238027}.Debug|Any CPU.ActiveCfg = Debug|Any CPU
		{3A057E41-27A8-4386-9EF8-0E9EAB238027}.Debug|Any CPU.Build.0 = Debug|Any CPU
		{3A057E41-27A8-4386-9EF8-0E9EAB238027}.Release|Any CPU.ActiveCfg = Release|Any CPU
		{3A057E41-27A8-4386-9EF8-0E9EAB238027}.Debug|Any CPU.Build.0 = Debug|Any CPU
		{165A059F-AC25-4C1D-896D-3F0981BFD5A7}.Debug|Any CPU.ActiveCfg = Debug|Any CPU
		{165A059F-AC25-4C1D-896D-3F0981BFD5A7}.Debug|Any CPU.Build.0 = Debug|Any CPU
		{165A059F-AC25-4C1D-896D-3F0981BFD5A7}.Release|Any CPU.ActiveCfg = Release|Any CPU
		{165A059F-AC25-4C1D-896D-3F0981BFD5A7}.Debug|Any CPU.Build.0 = Debug|Any CPU
		{B4061418-4440-431C-862A-4FBF5AD01F65}.Debug|Any CPU.ActiveCfg = Debug|Any CPU
		{B4061418-4440-431C-862A-4FBF5AD01F65}.Debug|Any CPU.Build.0 = Debug|Any CPU
		{B4061418-4440-431C-862A-4FBF5AD01F65}.Release|Any CPU.ActiveCfg = Release|Any CPU
		{B4061418-4440-431C-862A-4FBF5AD01F65}.Debug|Any CPU.Build.0 = Debug|Any CPU
	EndGlobalSection
	GlobalSection(SolutionProperties) = preSolution
		HideSolutionNode = FALSE
	EndGlobalSection
	GlobalSection(NestedProjects) = preSolution
		{6d25aa30-c3af-4ae0-b567-0f2653120cdc} = {2de48dd9-908a-4881-af27-121dff17f3bb}
		{525678c4-fdc1-4a5d-9d8a-d7e78309335f} = {2de48dd9-908a-4881-af27-121dff17f3bb}
		{7d1b22f8-06a2-4d09-a3ad-d93a09a01815} = {2de48dd9-908a-4881-af27-121dff17f3bb}
		{c72b898b-b53b-42d5-9f4f-673f84bb485b} = {23a5519d-158b-4907-941a-baf58bb490ed}
		{3ef91dc7-12c9-47f3-bb18-ad3d85d1b624} = {23a5519d-158b-4907-941a-baf58bb490ed}
		{2cc97c32-9ffa-4da4-a6c0-83f300404ec3} = {1c9459cf-9218-4c28-8c76-4e10817e5b02}
		{51d5f233-02f2-45f7-b4f2-60d18ef3dec5} = {68fce379-e2ea-4f58-8482-bc69257be2d1}
		{ba8c8c0b-470a-4d3c-b3da-9e28599799b5} = {99c00974-2ea1-452b-a45c-dd23d9d2048b}
		{f85a14d5-64e0-4cfc-88da-27fe9d0dd664} = {99c00974-2ea1-452b-a45c-dd23d9d2048b}
		{c3a270de-9727-492e-91e2-f56e7e0e0f83} = {99c00974-2ea1-452b-a45c-dd23d9d2048b}
		{e45a004f-fbef-445c-9607-fbc89d6d4590} = {4a621eb1-02e5-4558-bbbf-8694ae854c5d}
		{950b9cdb-9286-4a1a-8d88-1df6954a45e3} = {4a621eb1-02e5-4558-bbbf-8694ae854c5d}
		{e5302713-0022-4657-85d8-9620818071df} = {4a621eb1-02e5-4558-bbbf-8694ae854c5d}
		{0d49d6e7-177b-4069-b73c-ec964569182f} = {d2ea2239-f0ba-4750-8750-37cd9c231af7}
		{fab04ad4-59da-4481-a95e-8d28cc455814} = {d2ea2239-f0ba-4750-8750-37cd9c231af7}
		{3e217c0f-760f-4b96-b2ec-040bc475aa4c} = {d2ea2239-f0ba-4750-8750-37cd9c231af7}
		{f11ebe8e-673b-4faa-a675-84ac785c7081} = {d2ea2239-f0ba-4750-8750-37cd9c231af7}
		{6989ec3f-ceb3-4fb7-b0ee-8cbe757d0f92} = {d2ea2239-f0ba-4750-8750-37cd9c231af7}
		{0f11974a-3ed8-46d1-b8cc-6f1ff1c45a11} = {c12033db-cc34-4950-a0fb-4e368a350d23}
		{56bf9799-ec6f-463e-8198-02785fec9dd4} = {43fa57bd-a4c3-450b-8aed-ee6c09598d0c}
		{873915a5-57b2-409a-bd2c-80a3016df441} = {6d84af1b-527c-4f67-82e9-c9f57a619d0a}
		{588a9f26-4123-43d0-a978-202e1fbba7ac} = {6d84af1b-527c-4f67-82e9-c9f57a619d0a}
		{0542e826-5a2b-41f5-8aa7-f2dd3983a540} = {6d84af1b-527c-4f67-82e9-c9f57a619d0a}
		{4d68468b-a589-492f-ad80-004d9737590b} = {6d84af1b-527c-4f67-82e9-c9f57a619d0a}
		{dba6156f-feac-4924-a3dc-e0ee135ae454} = {42ef76b9-9968-4c93-bd48-b3c6bd47de35}
		{ca3bfcf9-23e5-4d02-8e64-9da24746c708} = {42ef76b9-9968-4c93-bd48-b3c6bd47de35}
		{6ab0ea24-e204-4ac9-ad3c-3174193ccf9b} = {42ef76b9-9968-4c93-bd48-b3c6bd47de35}
		{8b4069dd-b259-4bec-b1e3-1d23f909e84a} = {d71dd286-a989-486d-9d9d-66e11e2e8b1f}
		{34fde63f-9c94-4e26-b27f-2c24eab2c526} = {e34b5b15-1121-43e5-8390-81d4790504a3}
		{64d5062f-2fe9-4c91-bd16-8f5aaf88d3bb} = {6adff0ad-d80c-4703-a692-4997477ebde6}
		{9c67dace-da33-4d40-83ee-865789f62775} = {6adff0ad-d80c-4703-a692-4997477ebde6}
		{54025149-9eb6-4c74-a099-643b1f0f2d74} = {6adff0ad-d80c-4703-a692-4997477ebde6}
		{4e97dacd-a965-4c04-a3f7-e1fdf691ee98} = {81b8a46d-eb62-4dd2-8b85-6094b2d5ffc9}
		{6bd7818d-f6ae-4912-b0c3-78fa4275d423} = {81b8a46d-eb62-4dd2-8b85-6094b2d5ffc9}

    EndGlobal

EndGlobalSection

