Microsoft Visual Studio Solution File, Format Version 12.00
# Visual Studio 15
VisualStudioVersion = 15.0.26228.9
MinimumVisualStudioVersion = 10.0.40219.1
Project("{FAE04EC0-301F-11D3-BF4B-00C04F79EFBC}") = "Log4Net.AspNetMvc40ApiController", "Log4Net\UIWeb\AspNetMvc40ApiController\Log4Net.AspNetMvc40ApiController.csproj", "{CF78CD30-E2F4-42A2-819D-42793FDFEEF4}"
EndProject
Project("{FAE04EC0-301F-11D3-BF4B-00C04F79EFBC}") = "Log4Net.AspNetMvc40Rasor", "Log4Net\UIWeb\AspNetMvc40Rasor\Log4Net.AspNetMvc40Rasor.csproj", "{AD38CB07-BEB5-45CD-AE49-98999FBD611D}"
EndProject
Project("{FAE04EC0-301F-11D3-BF4B-00C04F79EFBC}") = "Log4Net.AspNetMvc40ViewModel", "Log4Net\UIWeb\AspNetMvc40ViewModel\Log4Net.AspNetMvc40ViewModel.csproj", "{8C82352F-2019-4D87-8C7D-3F9D6DAEC57E}"
EndProject
Project("{FAE04EC0-301F-11D3-BF4B-00C04F79EFBC}") = "Log4Net.CommonBLL", "Log4Net\Services\CommonBLL\Log4Net.CommonBLL.csproj", "{302A9DE3-0458-42D4-808D-AD07B37DD871}"
EndProject
Project("{FAE04EC0-301F-11D3-BF4B-00C04F79EFBC}") = "Log4Net.CommonBLLEntities", "Log4Net\Contracts\CommonBLLEntities\Log4Net.CommonBLLEntities.csproj", "{E8A97CDF-DBBA-4F88-9539-39E61094CA1A}"
EndProject
Project("{FAE04EC0-301F-11D3-BF4B-00C04F79EFBC}") = "Log4Net.CommonBLLIoC", "Log4Net\Services\CommonBLLIoC\Log4Net.CommonBLLIoC.csproj", "{3AFCBE76-351F-49B4-A4DB-53D29D10261E}"
EndProject
Project("{FAE04EC0-301F-11D3-BF4B-00C04F79EFBC}") = "Log4Net.DALContracts", "Log4Net\DAL\DALContracts\Log4Net.DALContracts.csproj", "{96895B26-C401-4A24-972F-91692983AD6F}"
EndProject
Project("{FAE04EC0-301F-11D3-BF4B-00C04F79EFBC}") = "Log4Net.DataSourceEntities", "Log4Net\Contracts\DataSourceEntities\Log4Net.DataSourceEntities.csproj", "{57CDB421-B4F0-4659-B344-363A5859D0D9}"
EndProject
Project("{FAE04EC0-301F-11D3-BF4B-00C04F79EFBC}") = "Log4Net.EntityContracts", "Log4Net\Contracts\EntityContracts\Log4Net.EntityContracts.csproj", "{48EC0E52-FF56-412F-94AE-A1D5414F6E73}"
EndProject
Project("{FAE04EC0-301F-11D3-BF4B-00C04F79EFBC}") = "Log4Net.EntityFrameworkContextV6", "Log4Net\DAL\EntityFrameworkContextV6\Log4Net.EntityFrameworkContextV6.csproj", "{57972727-572B-43A7-B036-AC3A79348576}"
EndProject
Project("{FAE04EC0-301F-11D3-BF4B-00C04F79EFBC}") = "Log4Net.EntityFrameworkContextV6CodeFirst", "Log4Net\DAL\EntityFrameworkContextV6CodeFirst\Log4Net.EntityFrameworkContextV6CodeFirst.csproj", "{A60509C6-B1FB-41EC-A869-3A48F82B4E9C}"
EndProject
Project("{FAE04EC0-301F-11D3-BF4B-00C04F79EFBC}") = "Log4Net.EntityFrameworkDALV6", "Log4Net\DAL\EntityFrameworkDALV6\Log4Net.EntityFrameworkDALV6.csproj", "{72BA0D93-C589-44C2-A652-D0881E83911E}"
EndProject
Project("{FAE04EC0-301F-11D3-BF4B-00C04F79EFBC}") = "Log4Net.EntityFrameworkDALV6CodeFirst", "Log4Net\DAL\EntityFrameworkDALV6CodeFirst\Log4Net.EntityFrameworkDALV6CodeFirst.csproj", "{72EBBFE5-DA7E-4ECA-BEA5-6D1DE5A96A72}"
EndProject
Project("{FAE04EC0-301F-11D3-BF4B-00C04F79EFBC}") = "Framework", "Frameworks\Framework\Framework.csproj", "{6D25AA30-C3AF-4AE0-B567-0F2653120CDC}"
EndProject
Project("{FAE04EC0-301F-11D3-BF4B-00C04F79EFBC}") = "Framework.Charting", "Frameworks\Framework.Charting\Framework.Charting.csproj", "{51D5F233-02F2-45F7-B4F2-60D18EF3DEC5}"
EndProject
Project("{FAE04EC0-301F-11D3-BF4B-00C04F79EFBC}") = "Framework.CommonBLLEntities", "Frameworks\Framework.CommonBLLEntities\Framework.CommonBLLEntities.csproj", "{BA8C8C0B-470A-4D3C-B3DA-9E28599799B5}"
EndProject
Project("{FAE04EC0-301F-11D3-BF4B-00C04F79EFBC}") = "Framework.DAL", "Frameworks\Framework.DAL\Framework.DAL.csproj", "{525678C4-FDC1-4A5D-9D8A-D7E78309335F}"
EndProject
Project("{FAE04EC0-301F-11D3-BF4B-00C04F79EFBC}") = "Framework.DataSourceEntities", "Frameworks\Framework.DataSourceEntities\Framework.DataSourceEntities.csproj", "{F85A14D5-64E0-4CFC-88DA-27FE9D0DD664}"
EndProject
Project("{FAE04EC0-301F-11D3-BF4B-00C04F79EFBC}") = "Framework.EntityContracts", "Frameworks\Framework.EntityContracts\Framework.EntityContracts.csproj", "{C3A270DE-9727-492E-91E2-F56E7E0E0F83}"
EndProject
Project("{FAE04EC0-301F-11D3-BF4B-00C04F79EFBC}") = "Framework.Mvc", "Frameworks\Framework.Mvc\Framework.Mvc.csproj", "{E45A004F-FBEF-445C-9607-FBC89D6D4590}"
EndProject
Project("{FAE04EC0-301F-11D3-BF4B-00C04F79EFBC}") = "Framework.Resx", "Frameworks\Framework.Resx\Framework.Resx.csproj", "{C72B898B-B53B-42D5-9F4F-673F84BB485B}"
EndProject
Project("{FAE04EC0-301F-11D3-BF4B-00C04F79EFBC}") = "Framework.Services", "Frameworks\Framework.Services\Framework.Services.csproj", "{3EF91DC7-12C9-47F3-BB18-AD3D85D1B624}"
EndProject
Project("{FAE04EC0-301F-11D3-BF4B-00C04F79EFBC}") = "Framework.ViewModels", "Frameworks\Framework.ViewModels\Framework.ViewModels.csproj", "{2CC97C32-9FFA-4DA4-A6C0-83F300404EC3}"
EndProject
Project("{FAE04EC0-301F-11D3-BF4B-00C04F79EFBC}") = "Framework.Web", "Frameworks\Framework.Web\Framework.Web.csproj", "{950B9CDB-9286-4A1A-8D88-1DF6954A45E3}"
EndProject
Project("{FAE04EC0-301F-11D3-BF4B-00C04F79EFBC}") = "Framework.Xamariner.X", "Frameworks.X\Framework.Xamariner.X\Framework.Xamariner.X.csproj", "{397FFA3D-9A4E-4900-9714-65D16A871613}"
EndProject
Project("{FAE04EC0-301F-11D3-BF4B-00C04F79EFBC}") = "Framework.Xaml", "Frameworks\Framework.Xaml\Framework.Xaml.csproj", "{E5302713-0022-4657-85D8-9620818071DF}"
EndProject
Project("{FAE04EC0-301F-11D3-BF4B-00C04F79EFBC}") = "Log4Net.MVVMLightViewModels", "Log4Net\UINative\Shared\MVVMLightViewModels\Log4Net.MVVMLightViewModels.csproj", "{FF103C98-C267-4109-BA37-B0018FCEF28C}"
EndProject
Project("{FAE04EC0-301F-11D3-BF4B-00C04F79EFBC}") = "Log4Net.WPF4App", "Log4Net\UINative\WPF4App\Log4Net.WPF4App.csproj", "{729AD94B-42BA-4F4A-9C46-5FC021567D73}"
EndProject
Project("{FAE04EC0-301F-11D3-BF4B-00C04F79EFBC}") = "Log4Net.AndroidApp", "Log4Net\UINative\AndroidApp\Log4Net.AndroidApp.csproj", "{55821BBE-8B1A-4607-81C3-1146F14446EF}"
EndProject
Project("{FAE04EC0-301F-11D3-BF4B-00C04F79EFBC}") = "Log4Net.XamarinForms.X", "Log4Net\UINative\Shared.X\XamarinForms.X\Log4Net.XamarinForms.X.csproj", "{78470D5C-8CC2-4E9F-99E0-85FCBF934798}"
EndProject
Project("{FAE04EC0-301F-11D3-BF4B-00C04F79EFBC}") = "Log4Net.IOSApp", "Log4Net\UINative\IOSApp\Log4Net.IOSApp.csproj", "{5B33C694-6CEC-4B98-A640-86F8B0115CC7}"
EndProject
Project("{FAE04EC0-301F-11D3-BF4B-00C04F79EFBC}") = "Log4Net.UWPApp", "Log4Net\UINative\UWPApp\Log4Net.UWPApp.csproj", "{B867744E-41BE-4DC0-9DED-639F04FF54DD}"
EndProject
Project("{FAE04EC0-301F-11D3-BF4B-00C04F79EFBC}") = "Log4Net.Resx", "Log4Net\Contracts\Resx\Log4Net.Resx.csproj", "{97A3E081-B346-4F76-A0E5-FA69B19F03D9}"
EndProject
Project("{FAE04EC0-301F-11D3-BF4B-00C04F79EFBC}") = "Log4Net.ViewModelData", "Log4Net\Contracts\ViewModelData\Log4Net.ViewModelData.csproj", "{9E6D2086-79A6-40CF-BD0D-D5E4C041E049}"
EndProject
Project("{00D1A9C2-B5F0-4AF3-8072-F6C62B433612}") = "Log4Net.VS2012DatabaseProject", "Log4Net\DAL\VS2012DatabaseProject\Log4Net.VS2012DatabaseProject.sqlproj", "{2BBD1225-A550-4475-A1BA-5EB1A0AB60F1}"
EndProject
Project("{FAE04EC0-301F-11D3-BF4B-00C04F79EFBC}") = "Log4Net.WcfClientBLL", "Log4Net\Services\WcfClientBLL\Log4Net.WcfClientBLL.csproj", "{339BD079-751C-4106-BFE9-9D3D107F57AC}"
EndProject
Project("{FAE04EC0-301F-11D3-BF4B-00C04F79EFBC}") = "Log4Net.WcfContracts", "Log4Net\Services\WcfContracts\Log4Net.WcfContracts.csproj", "{FF469561-114D-4C7E-9BC1-F9F22D063314}"
EndProject
Project("{FAE04EC0-301F-11D3-BF4B-00C04F79EFBC}") = "Log4Net.WcfWebApp", "Log4Net\Services\WcfWebApp\Log4Net.WcfWebApp.csproj", "{A8241EB4-F5F2-463C-84B8-4A54F64A310C}"
EndProject
Project("{FAE04EC0-301F-11D3-BF4B-00C04F79EFBC}") = "Log4Net.WebApiClient", "Log4Net\UINative\Shared\WebApiClient\Log4Net.WebApiClient.csproj", "{022A3122-6510-49F1-B0F1-0AF69C6F0B83}"
EndProject
Project("{FAE04EC0-301F-11D3-BF4B-00C04F79EFBC}") = "Log4Net.CommonBLLEntities.X", "Log4Net\Contracts.X\CommonBLLEntities.X\Log4Net.CommonBLLEntities.X.csproj", "{299BC3E3-1187-4611-A19C-ACEA02F35E6C}"
EndProject
Project("{FAE04EC0-301F-11D3-BF4B-00C04F79EFBC}") = "Log4Net.DataSourceEntities.X", "Log4Net\Contracts.X\DataSourceEntities.X\Log4Net.DataSourceEntities.X.csproj", "{618C8FA8-754B-4D50-BB32-8908A26C1689}"
EndProject
Project("{FAE04EC0-301F-11D3-BF4B-00C04F79EFBC}") = "Log4Net.EntityContracts.X", "Log4Net\Contracts.X\EntityContracts.X\Log4Net.EntityContracts.X.csproj", "{5833D0E5-C490-4505-A0E3-5E417F040F53}"
EndProject
Project("{FAE04EC0-301F-11D3-BF4B-00C04F79EFBC}") = "Framework.X", "Frameworks.X\Framework.X\Framework.X.csproj", "{DAAD2A69-4863-41A0-94EE-7BEF4852EE3E}"
EndProject
Project("{FAE04EC0-301F-11D3-BF4B-00C04F79EFBC}") = "Framework.CommonBLLEntities.X", "Frameworks.X\Framework.CommonBLLEntities.X\Framework.CommonBLLEntities.X.csproj", "{237BD957-1424-49DD-A532-FEFBFE469F05}"
EndProject
Project("{FAE04EC0-301F-11D3-BF4B-00C04F79EFBC}") = "Framework.DAL.X", "Frameworks.X\Framework.DAL.X\Framework.DAL.X.csproj", "{386C5CDB-C93B-4FC1-A404-7E97499D6A2D}"
EndProject
Project("{FAE04EC0-301F-11D3-BF4B-00C04F79EFBC}") = "Framework.DataSourceEntities.X", "Frameworks.X\Framework.DataSourceEntities.X\Framework.DataSourceEntities.X.csproj", "{7B681617-25B1-495E-B434-FC42FDDFF1A0}"
EndProject
Project("{FAE04EC0-301F-11D3-BF4B-00C04F79EFBC}") = "Framework.EntityContracts.X", "Frameworks.X\Framework.EntityContracts.X\Framework.EntityContracts.X.csproj", "{320D4511-7A58-42CF-8373-21FCAC855C98}"
EndProject
Project("{FAE04EC0-301F-11D3-BF4B-00C04F79EFBC}") = "Framework.Resx.X", "Frameworks.X\Framework.Resx.X\Framework.Resx.X.csproj", "{065710DA-6C2E-4ECA-AEA4-6176CA21FF86}"
EndProject
Project("{FAE04EC0-301F-11D3-BF4B-00C04F79EFBC}") = "Framework.ViewModels.X", "Frameworks.X\Framework.ViewModels.X\Framework.ViewModels.X.csproj", "{BA463A45-EA0F-4E76-8162-1E09884D5D3C}"
EndProject
Project("{FAE04EC0-301F-11D3-BF4B-00C04F79EFBC}") = "Framework.Xaml.X", "Frameworks.X\Framework.Xaml.X\Framework.Xaml.X.csproj", "{8774A9E2-E9A7-409B-97E1-8A9274D795DF}"
EndProject
Project("{FAE04EC0-301F-11D3-BF4B-00C04F79EFBC}") = "Log4Net.MVVMLightViewModels.X", "Log4Net\UINative\Shared.X\MVVMLightViewModels.X\Log4Net.MVVMLightViewModels.X.csproj", "{197D0095-F258-43FC-B853-4B31929166A5}"
EndProject
Project("{FAE04EC0-301F-11D3-BF4B-00C04F79EFBC}") = "Log4Net.Resx.X", "Log4Net\Contracts.X\Resx.X\Log4Net.Resx.X.csproj", "{1B1F458A-9444-42D4-9CA4-261EDF68C2DC}"
EndProject
Project("{FAE04EC0-301F-11D3-BF4B-00C04F79EFBC}") = "Log4Net.ViewModelData.X", "Log4Net\Contracts.X\ViewModelData.X\Log4Net.ViewModelData.X.csproj", "{05CA071E-17B9-4802-A4C2-0E15B5E741BB}"
EndProject
Project("{FAE04EC0-301F-11D3-BF4B-00C04F79EFBC}") = "Log4Net.WebApiClient.X", "Log4Net\UINative\Shared.X\WebApiClient.X\Log4Net.WebApiClient.X.csproj", "{407F98DB-3CA0-4C91-8E41-B51A56DDD37D}"
EndProject
Project("{2150E333-8FDC-42A3-9474-1A3956D46DE8}") = "1.A.1.", "1.A.1.", "{2de48dd9-908a-4881-af27-121dff17f3bb}"
EndProject
Project("{2150E333-8FDC-42A3-9474-1A3956D46DE8}") = "1.A.2.", "1.A.2.", "{23a5519d-158b-4907-941a-baf58bb490ed}"
EndProject
Project("{2150E333-8FDC-42A3-9474-1A3956D46DE8}") = "1.A.3.", "1.A.3.", "{1c9459cf-9218-4c28-8c76-4e10817e5b02}"
EndProject
Project("{2150E333-8FDC-42A3-9474-1A3956D46DE8}") = "1.B.1.", "1.B.1.", "{5adae702-3932-4d63-a7e5-49d8f5687977}"
EndProject
Project("{2150E333-8FDC-42A3-9474-1A3956D46DE8}") = "1.B.2.", "1.B.2.", "{68fce379-e2ea-4f58-8482-bc69257be2d1}"
EndProject
Project("{2150E333-8FDC-42A3-9474-1A3956D46DE8}") = "1.B.3.", "1.B.3.", "{99c00974-2ea1-452b-a45c-dd23d9d2048b}"
EndProject
Project("{2150E333-8FDC-42A3-9474-1A3956D46DE8}") = "1.B.4.", "1.B.4.", "{86978270-9a1c-4b4b-9370-647debfc7639}"
EndProject
Project("{2150E333-8FDC-42A3-9474-1A3956D46DE8}") = "1.C.1.", "1.C.1.", "{135f7894-b51d-48fb-8e5c-6feaa5ceca96}"
EndProject
Project("{2150E333-8FDC-42A3-9474-1A3956D46DE8}") = "1.C.2.", "1.C.2.", "{22081560-52b3-4de3-98d7-b43ac79dec25}"
EndProject
Project("{2150E333-8FDC-42A3-9474-1A3956D46DE8}") = "1.D.1.", "1.D.1.", "{4a621eb1-02e5-4558-bbbf-8694ae854c5d}"
EndProject
Project("{2150E333-8FDC-42A3-9474-1A3956D46DE8}") = "1.D.2.", "1.D.2.", "{bc311bab-2261-4f78-8754-7ed48e00c8f1}"
EndProject
Project("{2150E333-8FDC-42A3-9474-1A3956D46DE8}") = "2.A.1.", "2.A.1.", "{d2ea2239-f0ba-4750-8750-37cd9c231af7}"
EndProject
Project("{2150E333-8FDC-42A3-9474-1A3956D46DE8}") = "2.A.2.", "2.A.2.", "{c12033db-cc34-4950-a0fb-4e368a350d23}"
EndProject
Project("{2150E333-8FDC-42A3-9474-1A3956D46DE8}") = "2.A.3.", "2.A.3.", "{43fa57bd-a4c3-450b-8aed-ee6c09598d0c}"
EndProject
Project("{2150E333-8FDC-42A3-9474-1A3956D46DE8}") = "2.B.1.", "2.B.1.", "{17b3a55e-b199-41ef-b530-232f4b4d0c11}"
EndProject
Project("{2150E333-8FDC-42A3-9474-1A3956D46DE8}") = "2.B.2.", "2.B.2.", "{6d84af1b-527c-4f67-82e9-c9f57a619d0a}"
EndProject
Project("{2150E333-8FDC-42A3-9474-1A3956D46DE8}") = "2.B.3.", "2.B.3.", "{42ef76b9-9968-4c93-bd48-b3c6bd47de35}"
EndProject
Project("{2150E333-8FDC-42A3-9474-1A3956D46DE8}") = "2.B.4.", "2.B.4.", "{e33f19e6-ae29-49a2-9505-65680690a935}"
EndProject
Project("{2150E333-8FDC-42A3-9474-1A3956D46DE8}") = "2.C.1.", "2.C.1.", "{d71dd286-a989-486d-9d9d-66e11e2e8b1f}"
EndProject
Project("{2150E333-8FDC-42A3-9474-1A3956D46DE8}") = "2.C.2.", "2.C.2.", "{e34b5b15-1121-43e5-8390-81d4790504a3}"
EndProject
Project("{2150E333-8FDC-42A3-9474-1A3956D46DE8}") = "2.D.1.", "2.D.1.", "{6adff0ad-d80c-4703-a692-4997477ebde6}"
EndProject
Project("{2150E333-8FDC-42A3-9474-1A3956D46DE8}") = "2.D.2.", "2.D.2.", "{81b8a46d-eb62-4dd2-8b85-6094b2d5ffc9}"
EndProject
Project("{2150E333-8FDC-42A3-9474-1A3956D46DE8}") = "2.Z.1.", "2.Z.1.", "{f17ea7a6-d2c0-470c-b0e9-d08ef598de86}"
EndProject
Project("{2150E333-8FDC-42A3-9474-1A3956D46DE8}") = "2.Z.2.", "2.Z.2.", "{1d4581cb-63fe-4a3b-a636-eeb29962e386}"
EndProject
Project("{2150E333-8FDC-42A3-9474-1A3956D46DE8}") = "2.Z.3.", "2.Z.3.", "{da1cac13-db17-40d7-8dac-ebce6daa48a9}"
EndProject
Global
	GlobalSection(SolutionConfigurationPlatforms) = preSolution
		Debug|Any CPU = Debug|Any CPU
		Release|Any CPU = Release|Any CPU
	EndGlobalSection
	GlobalSection(ProjectConfigurationPlatforms) = postSolution
		{CF78CD30-E2F4-42A2-819D-42793FDFEEF4}.Debug|Any CPU.ActiveCfg = Debug|Any CPU
		{CF78CD30-E2F4-42A2-819D-42793FDFEEF4}.Debug|Any CPU.Build.0 = Debug|Any CPU
		{CF78CD30-E2F4-42A2-819D-42793FDFEEF4}.Release|Any CPU.ActiveCfg = Release|Any CPU
		{CF78CD30-E2F4-42A2-819D-42793FDFEEF4}.Debug|Any CPU.Build.0 = Debug|Any CPU
		{AD38CB07-BEB5-45CD-AE49-98999FBD611D}.Debug|Any CPU.ActiveCfg = Debug|Any CPU
		{AD38CB07-BEB5-45CD-AE49-98999FBD611D}.Debug|Any CPU.Build.0 = Debug|Any CPU
		{AD38CB07-BEB5-45CD-AE49-98999FBD611D}.Release|Any CPU.ActiveCfg = Release|Any CPU
		{AD38CB07-BEB5-45CD-AE49-98999FBD611D}.Debug|Any CPU.Build.0 = Debug|Any CPU
		{8C82352F-2019-4D87-8C7D-3F9D6DAEC57E}.Debug|Any CPU.ActiveCfg = Debug|Any CPU
		{8C82352F-2019-4D87-8C7D-3F9D6DAEC57E}.Debug|Any CPU.Build.0 = Debug|Any CPU
		{8C82352F-2019-4D87-8C7D-3F9D6DAEC57E}.Release|Any CPU.ActiveCfg = Release|Any CPU
		{8C82352F-2019-4D87-8C7D-3F9D6DAEC57E}.Debug|Any CPU.Build.0 = Debug|Any CPU
		{302A9DE3-0458-42D4-808D-AD07B37DD871}.Debug|Any CPU.ActiveCfg = Debug|Any CPU
		{302A9DE3-0458-42D4-808D-AD07B37DD871}.Debug|Any CPU.Build.0 = Debug|Any CPU
		{302A9DE3-0458-42D4-808D-AD07B37DD871}.Release|Any CPU.ActiveCfg = Release|Any CPU
		{302A9DE3-0458-42D4-808D-AD07B37DD871}.Debug|Any CPU.Build.0 = Debug|Any CPU
		{E8A97CDF-DBBA-4F88-9539-39E61094CA1A}.Debug|Any CPU.ActiveCfg = Debug|Any CPU
		{E8A97CDF-DBBA-4F88-9539-39E61094CA1A}.Debug|Any CPU.Build.0 = Debug|Any CPU
		{E8A97CDF-DBBA-4F88-9539-39E61094CA1A}.Release|Any CPU.ActiveCfg = Release|Any CPU
		{E8A97CDF-DBBA-4F88-9539-39E61094CA1A}.Debug|Any CPU.Build.0 = Debug|Any CPU
		{3AFCBE76-351F-49B4-A4DB-53D29D10261E}.Debug|Any CPU.ActiveCfg = Debug|Any CPU
		{3AFCBE76-351F-49B4-A4DB-53D29D10261E}.Debug|Any CPU.Build.0 = Debug|Any CPU
		{3AFCBE76-351F-49B4-A4DB-53D29D10261E}.Release|Any CPU.ActiveCfg = Release|Any CPU
		{3AFCBE76-351F-49B4-A4DB-53D29D10261E}.Debug|Any CPU.Build.0 = Debug|Any CPU
		{96895B26-C401-4A24-972F-91692983AD6F}.Debug|Any CPU.ActiveCfg = Debug|Any CPU
		{96895B26-C401-4A24-972F-91692983AD6F}.Debug|Any CPU.Build.0 = Debug|Any CPU
		{96895B26-C401-4A24-972F-91692983AD6F}.Release|Any CPU.ActiveCfg = Release|Any CPU
		{96895B26-C401-4A24-972F-91692983AD6F}.Debug|Any CPU.Build.0 = Debug|Any CPU
		{57CDB421-B4F0-4659-B344-363A5859D0D9}.Debug|Any CPU.ActiveCfg = Debug|Any CPU
		{57CDB421-B4F0-4659-B344-363A5859D0D9}.Debug|Any CPU.Build.0 = Debug|Any CPU
		{57CDB421-B4F0-4659-B344-363A5859D0D9}.Release|Any CPU.ActiveCfg = Release|Any CPU
		{57CDB421-B4F0-4659-B344-363A5859D0D9}.Debug|Any CPU.Build.0 = Debug|Any CPU
		{48EC0E52-FF56-412F-94AE-A1D5414F6E73}.Debug|Any CPU.ActiveCfg = Debug|Any CPU
		{48EC0E52-FF56-412F-94AE-A1D5414F6E73}.Debug|Any CPU.Build.0 = Debug|Any CPU
		{48EC0E52-FF56-412F-94AE-A1D5414F6E73}.Release|Any CPU.ActiveCfg = Release|Any CPU
		{48EC0E52-FF56-412F-94AE-A1D5414F6E73}.Debug|Any CPU.Build.0 = Debug|Any CPU
		{57972727-572B-43A7-B036-AC3A79348576}.Debug|Any CPU.ActiveCfg = Debug|Any CPU
		{57972727-572B-43A7-B036-AC3A79348576}.Debug|Any CPU.Build.0 = Debug|Any CPU
		{57972727-572B-43A7-B036-AC3A79348576}.Release|Any CPU.ActiveCfg = Release|Any CPU
		{57972727-572B-43A7-B036-AC3A79348576}.Debug|Any CPU.Build.0 = Debug|Any CPU
		{A60509C6-B1FB-41EC-A869-3A48F82B4E9C}.Debug|Any CPU.ActiveCfg = Debug|Any CPU
		{A60509C6-B1FB-41EC-A869-3A48F82B4E9C}.Debug|Any CPU.Build.0 = Debug|Any CPU
		{A60509C6-B1FB-41EC-A869-3A48F82B4E9C}.Release|Any CPU.ActiveCfg = Release|Any CPU
		{A60509C6-B1FB-41EC-A869-3A48F82B4E9C}.Debug|Any CPU.Build.0 = Debug|Any CPU
		{72BA0D93-C589-44C2-A652-D0881E83911E}.Debug|Any CPU.ActiveCfg = Debug|Any CPU
		{72BA0D93-C589-44C2-A652-D0881E83911E}.Debug|Any CPU.Build.0 = Debug|Any CPU
		{72BA0D93-C589-44C2-A652-D0881E83911E}.Release|Any CPU.ActiveCfg = Release|Any CPU
		{72BA0D93-C589-44C2-A652-D0881E83911E}.Debug|Any CPU.Build.0 = Debug|Any CPU
		{72EBBFE5-DA7E-4ECA-BEA5-6D1DE5A96A72}.Debug|Any CPU.ActiveCfg = Debug|Any CPU
		{72EBBFE5-DA7E-4ECA-BEA5-6D1DE5A96A72}.Debug|Any CPU.Build.0 = Debug|Any CPU
		{72EBBFE5-DA7E-4ECA-BEA5-6D1DE5A96A72}.Release|Any CPU.ActiveCfg = Release|Any CPU
		{72EBBFE5-DA7E-4ECA-BEA5-6D1DE5A96A72}.Debug|Any CPU.Build.0 = Debug|Any CPU
		{6D25AA30-C3AF-4AE0-B567-0F2653120CDC}.Debug|Any CPU.ActiveCfg = Debug|Any CPU
		{6D25AA30-C3AF-4AE0-B567-0F2653120CDC}.Debug|Any CPU.Build.0 = Debug|Any CPU
		{6D25AA30-C3AF-4AE0-B567-0F2653120CDC}.Release|Any CPU.ActiveCfg = Release|Any CPU
		{6D25AA30-C3AF-4AE0-B567-0F2653120CDC}.Debug|Any CPU.Build.0 = Debug|Any CPU
		{51D5F233-02F2-45F7-B4F2-60D18EF3DEC5}.Debug|Any CPU.ActiveCfg = Debug|Any CPU
		{51D5F233-02F2-45F7-B4F2-60D18EF3DEC5}.Debug|Any CPU.Build.0 = Debug|Any CPU
		{51D5F233-02F2-45F7-B4F2-60D18EF3DEC5}.Release|Any CPU.ActiveCfg = Release|Any CPU
		{51D5F233-02F2-45F7-B4F2-60D18EF3DEC5}.Debug|Any CPU.Build.0 = Debug|Any CPU
		{BA8C8C0B-470A-4D3C-B3DA-9E28599799B5}.Debug|Any CPU.ActiveCfg = Debug|Any CPU
		{BA8C8C0B-470A-4D3C-B3DA-9E28599799B5}.Debug|Any CPU.Build.0 = Debug|Any CPU
		{BA8C8C0B-470A-4D3C-B3DA-9E28599799B5}.Release|Any CPU.ActiveCfg = Release|Any CPU
		{BA8C8C0B-470A-4D3C-B3DA-9E28599799B5}.Debug|Any CPU.Build.0 = Debug|Any CPU
		{525678C4-FDC1-4A5D-9D8A-D7E78309335F}.Debug|Any CPU.ActiveCfg = Debug|Any CPU
		{525678C4-FDC1-4A5D-9D8A-D7E78309335F}.Debug|Any CPU.Build.0 = Debug|Any CPU
		{525678C4-FDC1-4A5D-9D8A-D7E78309335F}.Release|Any CPU.ActiveCfg = Release|Any CPU
		{525678C4-FDC1-4A5D-9D8A-D7E78309335F}.Debug|Any CPU.Build.0 = Debug|Any CPU
		{F85A14D5-64E0-4CFC-88DA-27FE9D0DD664}.Debug|Any CPU.ActiveCfg = Debug|Any CPU
		{F85A14D5-64E0-4CFC-88DA-27FE9D0DD664}.Debug|Any CPU.Build.0 = Debug|Any CPU
		{F85A14D5-64E0-4CFC-88DA-27FE9D0DD664}.Release|Any CPU.ActiveCfg = Release|Any CPU
		{F85A14D5-64E0-4CFC-88DA-27FE9D0DD664}.Debug|Any CPU.Build.0 = Debug|Any CPU
		{C3A270DE-9727-492E-91E2-F56E7E0E0F83}.Debug|Any CPU.ActiveCfg = Debug|Any CPU
		{C3A270DE-9727-492E-91E2-F56E7E0E0F83}.Debug|Any CPU.Build.0 = Debug|Any CPU
		{C3A270DE-9727-492E-91E2-F56E7E0E0F83}.Release|Any CPU.ActiveCfg = Release|Any CPU
		{C3A270DE-9727-492E-91E2-F56E7E0E0F83}.Debug|Any CPU.Build.0 = Debug|Any CPU
		{E45A004F-FBEF-445C-9607-FBC89D6D4590}.Debug|Any CPU.ActiveCfg = Debug|Any CPU
		{E45A004F-FBEF-445C-9607-FBC89D6D4590}.Debug|Any CPU.Build.0 = Debug|Any CPU
		{E45A004F-FBEF-445C-9607-FBC89D6D4590}.Release|Any CPU.ActiveCfg = Release|Any CPU
		{E45A004F-FBEF-445C-9607-FBC89D6D4590}.Debug|Any CPU.Build.0 = Debug|Any CPU
		{C72B898B-B53B-42D5-9F4F-673F84BB485B}.Debug|Any CPU.ActiveCfg = Debug|Any CPU
		{C72B898B-B53B-42D5-9F4F-673F84BB485B}.Debug|Any CPU.Build.0 = Debug|Any CPU
		{C72B898B-B53B-42D5-9F4F-673F84BB485B}.Release|Any CPU.ActiveCfg = Release|Any CPU
		{C72B898B-B53B-42D5-9F4F-673F84BB485B}.Debug|Any CPU.Build.0 = Debug|Any CPU
		{3EF91DC7-12C9-47F3-BB18-AD3D85D1B624}.Debug|Any CPU.ActiveCfg = Debug|Any CPU
		{3EF91DC7-12C9-47F3-BB18-AD3D85D1B624}.Debug|Any CPU.Build.0 = Debug|Any CPU
		{3EF91DC7-12C9-47F3-BB18-AD3D85D1B624}.Release|Any CPU.ActiveCfg = Release|Any CPU
		{3EF91DC7-12C9-47F3-BB18-AD3D85D1B624}.Debug|Any CPU.Build.0 = Debug|Any CPU
		{2CC97C32-9FFA-4DA4-A6C0-83F300404EC3}.Debug|Any CPU.ActiveCfg = Debug|Any CPU
		{2CC97C32-9FFA-4DA4-A6C0-83F300404EC3}.Debug|Any CPU.Build.0 = Debug|Any CPU
		{2CC97C32-9FFA-4DA4-A6C0-83F300404EC3}.Release|Any CPU.ActiveCfg = Release|Any CPU
		{2CC97C32-9FFA-4DA4-A6C0-83F300404EC3}.Debug|Any CPU.Build.0 = Debug|Any CPU
		{950B9CDB-9286-4A1A-8D88-1DF6954A45E3}.Debug|Any CPU.ActiveCfg = Debug|Any CPU
		{950B9CDB-9286-4A1A-8D88-1DF6954A45E3}.Debug|Any CPU.Build.0 = Debug|Any CPU
		{950B9CDB-9286-4A1A-8D88-1DF6954A45E3}.Release|Any CPU.ActiveCfg = Release|Any CPU
		{950B9CDB-9286-4A1A-8D88-1DF6954A45E3}.Debug|Any CPU.Build.0 = Debug|Any CPU
		{397FFA3D-9A4E-4900-9714-65D16A871613}.Debug|Any CPU.ActiveCfg = Debug|Any CPU
		{397FFA3D-9A4E-4900-9714-65D16A871613}.Debug|Any CPU.Build.0 = Debug|Any CPU
		{397FFA3D-9A4E-4900-9714-65D16A871613}.Release|Any CPU.ActiveCfg = Release|Any CPU
		{397FFA3D-9A4E-4900-9714-65D16A871613}.Debug|Any CPU.Build.0 = Debug|Any CPU
		{E5302713-0022-4657-85D8-9620818071DF}.Debug|Any CPU.ActiveCfg = Debug|Any CPU
		{E5302713-0022-4657-85D8-9620818071DF}.Debug|Any CPU.Build.0 = Debug|Any CPU
		{E5302713-0022-4657-85D8-9620818071DF}.Release|Any CPU.ActiveCfg = Release|Any CPU
		{E5302713-0022-4657-85D8-9620818071DF}.Debug|Any CPU.Build.0 = Debug|Any CPU
		{FF103C98-C267-4109-BA37-B0018FCEF28C}.Debug|Any CPU.ActiveCfg = Debug|Any CPU
		{FF103C98-C267-4109-BA37-B0018FCEF28C}.Debug|Any CPU.Build.0 = Debug|Any CPU
		{FF103C98-C267-4109-BA37-B0018FCEF28C}.Release|Any CPU.ActiveCfg = Release|Any CPU
		{FF103C98-C267-4109-BA37-B0018FCEF28C}.Debug|Any CPU.Build.0 = Debug|Any CPU
		{729AD94B-42BA-4F4A-9C46-5FC021567D73}.Debug|Any CPU.ActiveCfg = Debug|Any CPU
		{729AD94B-42BA-4F4A-9C46-5FC021567D73}.Debug|Any CPU.Build.0 = Debug|Any CPU
		{729AD94B-42BA-4F4A-9C46-5FC021567D73}.Release|Any CPU.ActiveCfg = Release|Any CPU
		{729AD94B-42BA-4F4A-9C46-5FC021567D73}.Debug|Any CPU.Build.0 = Debug|Any CPU
		{55821BBE-8B1A-4607-81C3-1146F14446EF}.Debug|Any CPU.ActiveCfg = Debug|Any CPU
		{55821BBE-8B1A-4607-81C3-1146F14446EF}.Debug|Any CPU.Build.0 = Debug|Any CPU
		{55821BBE-8B1A-4607-81C3-1146F14446EF}.Release|Any CPU.ActiveCfg = Release|Any CPU
		{55821BBE-8B1A-4607-81C3-1146F14446EF}.Debug|Any CPU.Build.0 = Debug|Any CPU
		{78470D5C-8CC2-4E9F-99E0-85FCBF934798}.Debug|Any CPU.ActiveCfg = Debug|Any CPU
		{78470D5C-8CC2-4E9F-99E0-85FCBF934798}.Debug|Any CPU.Build.0 = Debug|Any CPU
		{78470D5C-8CC2-4E9F-99E0-85FCBF934798}.Release|Any CPU.ActiveCfg = Release|Any CPU
		{78470D5C-8CC2-4E9F-99E0-85FCBF934798}.Debug|Any CPU.Build.0 = Debug|Any CPU
		{5B33C694-6CEC-4B98-A640-86F8B0115CC7}.Debug|Any CPU.ActiveCfg = Debug|Any CPU
		{5B33C694-6CEC-4B98-A640-86F8B0115CC7}.Debug|Any CPU.Build.0 = Debug|Any CPU
		{5B33C694-6CEC-4B98-A640-86F8B0115CC7}.Release|Any CPU.ActiveCfg = Release|Any CPU
		{5B33C694-6CEC-4B98-A640-86F8B0115CC7}.Debug|Any CPU.Build.0 = Debug|Any CPU
		{B867744E-41BE-4DC0-9DED-639F04FF54DD}.Debug|Any CPU.ActiveCfg = Debug|Any CPU
		{B867744E-41BE-4DC0-9DED-639F04FF54DD}.Debug|Any CPU.Build.0 = Debug|Any CPU
		{B867744E-41BE-4DC0-9DED-639F04FF54DD}.Release|Any CPU.ActiveCfg = Release|Any CPU
		{B867744E-41BE-4DC0-9DED-639F04FF54DD}.Debug|Any CPU.Build.0 = Debug|Any CPU
		{97A3E081-B346-4F76-A0E5-FA69B19F03D9}.Debug|Any CPU.ActiveCfg = Debug|Any CPU
		{97A3E081-B346-4F76-A0E5-FA69B19F03D9}.Debug|Any CPU.Build.0 = Debug|Any CPU
		{97A3E081-B346-4F76-A0E5-FA69B19F03D9}.Release|Any CPU.ActiveCfg = Release|Any CPU
		{97A3E081-B346-4F76-A0E5-FA69B19F03D9}.Debug|Any CPU.Build.0 = Debug|Any CPU
		{9E6D2086-79A6-40CF-BD0D-D5E4C041E049}.Debug|Any CPU.ActiveCfg = Debug|Any CPU
		{9E6D2086-79A6-40CF-BD0D-D5E4C041E049}.Debug|Any CPU.Build.0 = Debug|Any CPU
		{9E6D2086-79A6-40CF-BD0D-D5E4C041E049}.Release|Any CPU.ActiveCfg = Release|Any CPU
		{9E6D2086-79A6-40CF-BD0D-D5E4C041E049}.Debug|Any CPU.Build.0 = Debug|Any CPU
		{2BBD1225-A550-4475-A1BA-5EB1A0AB60F1}.Debug|Any CPU.ActiveCfg = Debug|Any CPU
		{2BBD1225-A550-4475-A1BA-5EB1A0AB60F1}.Debug|Any CPU.Build.0 = Debug|Any CPU
		{2BBD1225-A550-4475-A1BA-5EB1A0AB60F1}.Release|Any CPU.ActiveCfg = Release|Any CPU
		{2BBD1225-A550-4475-A1BA-5EB1A0AB60F1}.Debug|Any CPU.Build.0 = Debug|Any CPU
		{339BD079-751C-4106-BFE9-9D3D107F57AC}.Debug|Any CPU.ActiveCfg = Debug|Any CPU
		{339BD079-751C-4106-BFE9-9D3D107F57AC}.Debug|Any CPU.Build.0 = Debug|Any CPU
		{339BD079-751C-4106-BFE9-9D3D107F57AC}.Release|Any CPU.ActiveCfg = Release|Any CPU
		{339BD079-751C-4106-BFE9-9D3D107F57AC}.Debug|Any CPU.Build.0 = Debug|Any CPU
		{FF469561-114D-4C7E-9BC1-F9F22D063314}.Debug|Any CPU.ActiveCfg = Debug|Any CPU
		{FF469561-114D-4C7E-9BC1-F9F22D063314}.Debug|Any CPU.Build.0 = Debug|Any CPU
		{FF469561-114D-4C7E-9BC1-F9F22D063314}.Release|Any CPU.ActiveCfg = Release|Any CPU
		{FF469561-114D-4C7E-9BC1-F9F22D063314}.Debug|Any CPU.Build.0 = Debug|Any CPU
		{A8241EB4-F5F2-463C-84B8-4A54F64A310C}.Debug|Any CPU.ActiveCfg = Debug|Any CPU
		{A8241EB4-F5F2-463C-84B8-4A54F64A310C}.Debug|Any CPU.Build.0 = Debug|Any CPU
		{A8241EB4-F5F2-463C-84B8-4A54F64A310C}.Release|Any CPU.ActiveCfg = Release|Any CPU
		{A8241EB4-F5F2-463C-84B8-4A54F64A310C}.Debug|Any CPU.Build.0 = Debug|Any CPU
		{022A3122-6510-49F1-B0F1-0AF69C6F0B83}.Debug|Any CPU.ActiveCfg = Debug|Any CPU
		{022A3122-6510-49F1-B0F1-0AF69C6F0B83}.Debug|Any CPU.Build.0 = Debug|Any CPU
		{022A3122-6510-49F1-B0F1-0AF69C6F0B83}.Release|Any CPU.ActiveCfg = Release|Any CPU
		{022A3122-6510-49F1-B0F1-0AF69C6F0B83}.Debug|Any CPU.Build.0 = Debug|Any CPU
		{299BC3E3-1187-4611-A19C-ACEA02F35E6C}.Debug|Any CPU.ActiveCfg = Debug|Any CPU
		{299BC3E3-1187-4611-A19C-ACEA02F35E6C}.Debug|Any CPU.Build.0 = Debug|Any CPU
		{299BC3E3-1187-4611-A19C-ACEA02F35E6C}.Release|Any CPU.ActiveCfg = Release|Any CPU
		{299BC3E3-1187-4611-A19C-ACEA02F35E6C}.Debug|Any CPU.Build.0 = Debug|Any CPU
		{618C8FA8-754B-4D50-BB32-8908A26C1689}.Debug|Any CPU.ActiveCfg = Debug|Any CPU
		{618C8FA8-754B-4D50-BB32-8908A26C1689}.Debug|Any CPU.Build.0 = Debug|Any CPU
		{618C8FA8-754B-4D50-BB32-8908A26C1689}.Release|Any CPU.ActiveCfg = Release|Any CPU
		{618C8FA8-754B-4D50-BB32-8908A26C1689}.Debug|Any CPU.Build.0 = Debug|Any CPU
		{5833D0E5-C490-4505-A0E3-5E417F040F53}.Debug|Any CPU.ActiveCfg = Debug|Any CPU
		{5833D0E5-C490-4505-A0E3-5E417F040F53}.Debug|Any CPU.Build.0 = Debug|Any CPU
		{5833D0E5-C490-4505-A0E3-5E417F040F53}.Release|Any CPU.ActiveCfg = Release|Any CPU
		{5833D0E5-C490-4505-A0E3-5E417F040F53}.Debug|Any CPU.Build.0 = Debug|Any CPU
		{DAAD2A69-4863-41A0-94EE-7BEF4852EE3E}.Debug|Any CPU.ActiveCfg = Debug|Any CPU
		{DAAD2A69-4863-41A0-94EE-7BEF4852EE3E}.Debug|Any CPU.Build.0 = Debug|Any CPU
		{DAAD2A69-4863-41A0-94EE-7BEF4852EE3E}.Release|Any CPU.ActiveCfg = Release|Any CPU
		{DAAD2A69-4863-41A0-94EE-7BEF4852EE3E}.Debug|Any CPU.Build.0 = Debug|Any CPU
		{237BD957-1424-49DD-A532-FEFBFE469F05}.Debug|Any CPU.ActiveCfg = Debug|Any CPU
		{237BD957-1424-49DD-A532-FEFBFE469F05}.Debug|Any CPU.Build.0 = Debug|Any CPU
		{237BD957-1424-49DD-A532-FEFBFE469F05}.Release|Any CPU.ActiveCfg = Release|Any CPU
		{237BD957-1424-49DD-A532-FEFBFE469F05}.Debug|Any CPU.Build.0 = Debug|Any CPU
		{386C5CDB-C93B-4FC1-A404-7E97499D6A2D}.Debug|Any CPU.ActiveCfg = Debug|Any CPU
		{386C5CDB-C93B-4FC1-A404-7E97499D6A2D}.Debug|Any CPU.Build.0 = Debug|Any CPU
		{386C5CDB-C93B-4FC1-A404-7E97499D6A2D}.Release|Any CPU.ActiveCfg = Release|Any CPU
		{386C5CDB-C93B-4FC1-A404-7E97499D6A2D}.Debug|Any CPU.Build.0 = Debug|Any CPU
		{7B681617-25B1-495E-B434-FC42FDDFF1A0}.Debug|Any CPU.ActiveCfg = Debug|Any CPU
		{7B681617-25B1-495E-B434-FC42FDDFF1A0}.Debug|Any CPU.Build.0 = Debug|Any CPU
		{7B681617-25B1-495E-B434-FC42FDDFF1A0}.Release|Any CPU.ActiveCfg = Release|Any CPU
		{7B681617-25B1-495E-B434-FC42FDDFF1A0}.Debug|Any CPU.Build.0 = Debug|Any CPU
		{320D4511-7A58-42CF-8373-21FCAC855C98}.Debug|Any CPU.ActiveCfg = Debug|Any CPU
		{320D4511-7A58-42CF-8373-21FCAC855C98}.Debug|Any CPU.Build.0 = Debug|Any CPU
		{320D4511-7A58-42CF-8373-21FCAC855C98}.Release|Any CPU.ActiveCfg = Release|Any CPU
		{320D4511-7A58-42CF-8373-21FCAC855C98}.Debug|Any CPU.Build.0 = Debug|Any CPU
		{065710DA-6C2E-4ECA-AEA4-6176CA21FF86}.Debug|Any CPU.ActiveCfg = Debug|Any CPU
		{065710DA-6C2E-4ECA-AEA4-6176CA21FF86}.Debug|Any CPU.Build.0 = Debug|Any CPU
		{065710DA-6C2E-4ECA-AEA4-6176CA21FF86}.Release|Any CPU.ActiveCfg = Release|Any CPU
		{065710DA-6C2E-4ECA-AEA4-6176CA21FF86}.Debug|Any CPU.Build.0 = Debug|Any CPU
		{BA463A45-EA0F-4E76-8162-1E09884D5D3C}.Debug|Any CPU.ActiveCfg = Debug|Any CPU
		{BA463A45-EA0F-4E76-8162-1E09884D5D3C}.Debug|Any CPU.Build.0 = Debug|Any CPU
		{BA463A45-EA0F-4E76-8162-1E09884D5D3C}.Release|Any CPU.ActiveCfg = Release|Any CPU
		{BA463A45-EA0F-4E76-8162-1E09884D5D3C}.Debug|Any CPU.Build.0 = Debug|Any CPU
		{8774A9E2-E9A7-409B-97E1-8A9274D795DF}.Debug|Any CPU.ActiveCfg = Debug|Any CPU
		{8774A9E2-E9A7-409B-97E1-8A9274D795DF}.Debug|Any CPU.Build.0 = Debug|Any CPU
		{8774A9E2-E9A7-409B-97E1-8A9274D795DF}.Release|Any CPU.ActiveCfg = Release|Any CPU
		{8774A9E2-E9A7-409B-97E1-8A9274D795DF}.Debug|Any CPU.Build.0 = Debug|Any CPU
		{197D0095-F258-43FC-B853-4B31929166A5}.Debug|Any CPU.ActiveCfg = Debug|Any CPU
		{197D0095-F258-43FC-B853-4B31929166A5}.Debug|Any CPU.Build.0 = Debug|Any CPU
		{197D0095-F258-43FC-B853-4B31929166A5}.Release|Any CPU.ActiveCfg = Release|Any CPU
		{197D0095-F258-43FC-B853-4B31929166A5}.Debug|Any CPU.Build.0 = Debug|Any CPU
		{1B1F458A-9444-42D4-9CA4-261EDF68C2DC}.Debug|Any CPU.ActiveCfg = Debug|Any CPU
		{1B1F458A-9444-42D4-9CA4-261EDF68C2DC}.Debug|Any CPU.Build.0 = Debug|Any CPU
		{1B1F458A-9444-42D4-9CA4-261EDF68C2DC}.Release|Any CPU.ActiveCfg = Release|Any CPU
		{1B1F458A-9444-42D4-9CA4-261EDF68C2DC}.Debug|Any CPU.Build.0 = Debug|Any CPU
		{05CA071E-17B9-4802-A4C2-0E15B5E741BB}.Debug|Any CPU.ActiveCfg = Debug|Any CPU
		{05CA071E-17B9-4802-A4C2-0E15B5E741BB}.Debug|Any CPU.Build.0 = Debug|Any CPU
		{05CA071E-17B9-4802-A4C2-0E15B5E741BB}.Release|Any CPU.ActiveCfg = Release|Any CPU
		{05CA071E-17B9-4802-A4C2-0E15B5E741BB}.Debug|Any CPU.Build.0 = Debug|Any CPU
		{407F98DB-3CA0-4C91-8E41-B51A56DDD37D}.Debug|Any CPU.ActiveCfg = Debug|Any CPU
		{407F98DB-3CA0-4C91-8E41-B51A56DDD37D}.Debug|Any CPU.Build.0 = Debug|Any CPU
		{407F98DB-3CA0-4C91-8E41-B51A56DDD37D}.Release|Any CPU.ActiveCfg = Release|Any CPU
		{407F98DB-3CA0-4C91-8E41-B51A56DDD37D}.Debug|Any CPU.Build.0 = Debug|Any CPU
	EndGlobalSection
	GlobalSection(SolutionProperties) = preSolution
		HideSolutionNode = FALSE
	EndGlobalSection
	GlobalSection(NestedProjects) = preSolution
		{6d25aa30-c3af-4ae0-b567-0f2653120cdc} = {2de48dd9-908a-4881-af27-121dff17f3bb}
		{525678c4-fdc1-4a5d-9d8a-d7e78309335f} = {2de48dd9-908a-4881-af27-121dff17f3bb}
		{c72b898b-b53b-42d5-9f4f-673f84bb485b} = {23a5519d-158b-4907-941a-baf58bb490ed}
		{3ef91dc7-12c9-47f3-bb18-ad3d85d1b624} = {23a5519d-158b-4907-941a-baf58bb490ed}
		{2cc97c32-9ffa-4da4-a6c0-83f300404ec3} = {1c9459cf-9218-4c28-8c76-4e10817e5b02}
		{51d5f233-02f2-45f7-b4f2-60d18ef3dec5} = {68fce379-e2ea-4f58-8482-bc69257be2d1}
		{ba8c8c0b-470a-4d3c-b3da-9e28599799b5} = {99c00974-2ea1-452b-a45c-dd23d9d2048b}
		{f85a14d5-64e0-4cfc-88da-27fe9d0dd664} = {99c00974-2ea1-452b-a45c-dd23d9d2048b}
		{c3a270de-9727-492e-91e2-f56e7e0e0f83} = {99c00974-2ea1-452b-a45c-dd23d9d2048b}
		{e45a004f-fbef-445c-9607-fbc89d6d4590} = {4a621eb1-02e5-4558-bbbf-8694ae854c5d}
		{950b9cdb-9286-4a1a-8d88-1df6954a45e3} = {4a621eb1-02e5-4558-bbbf-8694ae854c5d}
		{e5302713-0022-4657-85d8-9620818071df} = {4a621eb1-02e5-4558-bbbf-8694ae854c5d}
		{96895b26-c401-4a24-972f-91692983ad6f} = {d2ea2239-f0ba-4750-8750-37cd9c231af7}
		{57972727-572b-43a7-b036-ac3a79348576} = {d2ea2239-f0ba-4750-8750-37cd9c231af7}
		{a60509c6-b1fb-41ec-a869-3a48f82b4e9c} = {d2ea2239-f0ba-4750-8750-37cd9c231af7}
		{72ba0d93-c589-44c2-a652-d0881e83911e} = {d2ea2239-f0ba-4750-8750-37cd9c231af7}
		{72ebbfe5-da7e-4eca-bea5-6d1de5a96a72} = {d2ea2239-f0ba-4750-8750-37cd9c231af7}
		{97a3e081-b346-4f76-a0e5-fa69b19f03d9} = {c12033db-cc34-4950-a0fb-4e368a350d23}
		{339bd079-751c-4106-bfe9-9d3d107f57ac} = {43fa57bd-a4c3-450b-8aed-ee6c09598d0c}
		{302a9de3-0458-42d4-808d-ad07b37dd871} = {6d84af1b-527c-4f67-82e9-c9f57a619d0a}
		{9e6d2086-79a6-40cf-bd0d-d5e4c041e049} = {6d84af1b-527c-4f67-82e9-c9f57a619d0a}
		{ff469561-114d-4c7e-9bc1-f9f22d063314} = {6d84af1b-527c-4f67-82e9-c9f57a619d0a}
		{022a3122-6510-49f1-b0f1-0af69c6f0b83} = {6d84af1b-527c-4f67-82e9-c9f57a619d0a}
		{e8a97cdf-dbba-4f88-9539-39e61094ca1a} = {42ef76b9-9968-4c93-bd48-b3c6bd47de35}
		{57cdb421-b4f0-4659-b344-363a5859d0d9} = {42ef76b9-9968-4c93-bd48-b3c6bd47de35}
		{48ec0e52-ff56-412f-94ae-a1d5414f6e73} = {42ef76b9-9968-4c93-bd48-b3c6bd47de35}
		{a8241eb4-f5f2-463c-84b8-4a54f64a310c} = {d71dd286-a989-486d-9d9d-66e11e2e8b1f}
		{3afcbe76-351f-49b4-a4db-53d29d10261e} = {e34b5b15-1121-43e5-8390-81d4790504a3}
		{cf78cd30-e2f4-42a2-819d-42793fdfeef4} = {6adff0ad-d80c-4703-a692-4997477ebde6}
		{8c82352f-2019-4d87-8c7d-3f9d6daec57e} = {6adff0ad-d80c-4703-a692-4997477ebde6}
		{ff103c98-c267-4109-ba37-b0018fcef28c} = {6adff0ad-d80c-4703-a692-4997477ebde6}
		{ad38cb07-beb5-45cd-ae49-98999fbd611d} = {81b8a46d-eb62-4dd2-8b85-6094b2d5ffc9}
		{729ad94b-42ba-4f4a-9c46-5fc021567d73} = {81b8a46d-eb62-4dd2-8b85-6094b2d5ffc9}

    EndGlobal
EndGlobalSection

